{
  "version": 4,
  "terraform_version": "1.13.3",
  "serial": 476,
  "lineage": "1ced5e0b-080b-ab3b-37e1-d2b21ed8a832",
  "outputs": {
    "dynamodb_table": {
      "value": "multi-region-app-sessions",
      "type": "string"
    },
    "primary_alb_dns": {
      "value": "multi-region-app-primary-alb-907094542.us-east-1.elb.amazonaws.com",
      "type": "string"
    },
    "primary_db_endpoint": {
      "value": "multi-region-app-primary-cluster.cluster-c692sqi4ubm8.us-east-1.rds.amazonaws.com",
      "type": "string"
    },
    "s3_primary_bucket": {
      "value": "multi-region-app-assets-primary",
      "type": "string"
    },
    "s3_secondary_bucket": {
      "value": "multi-region-app-assets-secondary",
      "type": "string"
    },
    "secondary_alb_dns": {
      "value": "multi-region-app-secondary-alb-1795054307.us-east-2.elb.amazonaws.com",
      "type": "string"
    },
    "secondary_db_endpoint": {
      "value": "multi-region-app-secondary-cluster.cluster-cz6ea6u6km8t.us-east-2.rds.amazonaws.com",
      "type": "string"
    }
  },
  "resources": [
    {
      "mode": "data",
      "type": "aws_iam_policy_document",
      "name": "ec2_assume",
      "provider": "provider[\"registry.terraform.io/hashicorp/aws\"]",
      "instances": [
        {
          "schema_version": 0,
          "attributes": {
            "id": "2851119427",
            "json": "{\n  \"Version\": \"2012-10-17\",\n  \"Statement\": [\n    {\n      \"Effect\": \"Allow\",\n      \"Action\": \"sts:AssumeRole\",\n      \"Principal\": {\n        \"Service\": \"ec2.amazonaws.com\"\n      }\n    }\n  ]\n}",
            "minified_json": "{\"Version\":\"2012-10-17\",\"Statement\":[{\"Effect\":\"Allow\",\"Action\":\"sts:AssumeRole\",\"Principal\":{\"Service\":\"ec2.amazonaws.com\"}}]}",
            "override_json": null,
            "override_policy_documents": null,
            "policy_id": null,
            "source_json": null,
            "source_policy_documents": null,
            "statement": [
              {
                "actions": [
                  "sts:AssumeRole"
                ],
                "condition": [],
                "effect": "Allow",
                "not_actions": [],
                "not_principals": [],
                "not_resources": [],
                "principals": [
                  {
                    "identifiers": [
                      "ec2.amazonaws.com"
                    ],
                    "type": "Service"
                  }
                ],
                "resources": [],
                "sid": ""
              }
            ],
            "version": "2012-10-17"
          },
          "sensitive_attributes": [],
          "identity_schema_version": 0
        }
      ]
    },
    {
      "mode": "managed",
      "type": "aws_autoscaling_group",
      "name": "primary_asg",
      "provider": "provider[\"registry.terraform.io/hashicorp/aws\"].primary",
      "instances": [
        {
          "schema_version": 1,
          "attributes": {
            "arn": "arn:aws:autoscaling:us-east-1:219840048273:autoScalingGroup:d6f72b20-3844-4ae8-92ef-8b0c9c20cb90:autoScalingGroupName/terraform-20251007150307632500000004",
            "availability_zone_distribution": [
              {
                "capacity_distribution_strategy": "balanced-best-effort"
              }
            ],
            "availability_zones": [
              "us-east-1a",
              "us-east-1b"
            ],
            "capacity_rebalance": false,
            "capacity_reservation_specification": [
              {
                "capacity_reservation_preference": "default",
                "capacity_reservation_target": []
              }
            ],
            "context": "",
            "default_cooldown": 300,
            "default_instance_warmup": 0,
            "desired_capacity": 2,
            "desired_capacity_type": "",
            "enabled_metrics": [],
            "force_delete": false,
            "force_delete_warm_pool": false,
            "health_check_grace_period": 300,
            "health_check_type": "EC2",
            "id": "terraform-20251007150307632500000004",
            "ignore_failed_scaling_activities": false,
            "initial_lifecycle_hook": [],
            "instance_maintenance_policy": [],
            "instance_refresh": [],
            "launch_configuration": "",
            "launch_template": [
              {
                "id": "lt-02943cdc79ac4da89",
                "name": "multi-region-app-primary-backend20251007150258626100000002",
                "version": "$Latest"
              }
            ],
            "load_balancers": [],
            "max_instance_lifetime": 0,
            "max_size": 5,
            "metrics_granularity": "1Minute",
            "min_elb_capacity": null,
            "min_size": 2,
            "mixed_instances_policy": [],
            "name": "terraform-20251007150307632500000004",
            "name_prefix": "terraform-",
            "placement_group": "",
            "predicted_capacity": 0,
            "protect_from_scale_in": false,
            "service_linked_role_arn": "arn:aws:iam::219840048273:role/aws-service-role/autoscaling.amazonaws.com/AWSServiceRoleForAutoScaling",
            "suspended_processes": [],
            "tag": [
              {
                "key": "Name",
                "propagate_at_launch": true,
                "value": "multi-region-app-primary-instance"
              }
            ],
            "target_group_arns": [
              "arn:aws:elasticloadbalancing:us-east-1:219840048273:targetgroup/multi-region-app-primary-tg/e0a7f33c10dab254"
            ],
            "termination_policies": [],
            "timeouts": null,
            "traffic_source": [
              {
                "identifier": "arn:aws:elasticloadbalancing:us-east-1:219840048273:targetgroup/multi-region-app-primary-tg/e0a7f33c10dab254",
                "type": "elbv2"
              }
            ],
            "vpc_zone_identifier": [
              "subnet-0ca50f5d9362e47e6",
              "subnet-0e575f137066629ec"
            ],
            "wait_for_capacity_timeout": "10m",
            "wait_for_elb_capacity": null,
            "warm_pool": [],
            "warm_pool_size": 0
          },
          "sensitive_attributes": [],
          "identity_schema_version": 0,
          "private": "eyJlMmJmYjczMC1lY2FhLTExZTYtOGY4OC0zNDM2M2JjN2M0YzAiOnsiZGVsZXRlIjo2MDAwMDAwMDAwMDAsInVwZGF0ZSI6NjAwMDAwMDAwMDAwfSwic2NoZW1hX3ZlcnNpb24iOiIxIn0=",
          "dependencies": [
            "aws_db_subnet_group.primary_db_subnet",
            "aws_db_subnet_group.secondary_db_subnet",
            "aws_iam_instance_profile.ec2_profile",
            "aws_iam_role.ec2_role",
            "aws_launch_template.primary_backend",
            "aws_lb.primary_alb",
            "aws_lb_listener.primary_listener",
            "aws_lb_target_group.primary_tg",
            "aws_rds_cluster.primary_cluster",
            "aws_rds_cluster.secondary_cluster",
            "aws_rds_cluster_instance.primary_instance_1",
            "aws_rds_global_cluster.global_db",
            "aws_security_group.primary_sg",
            "aws_security_group.secondary_sg",
            "aws_subnet.primary_private_a",
            "aws_subnet.primary_private_b",
            "aws_subnet.primary_public_a",
            "aws_subnet.primary_public_b",
            "aws_subnet.secondary_private_a",
            "aws_subnet.secondary_private_b",
            "aws_vpc.primary_vpc",
            "aws_vpc.secondary_vpc",
            "data.aws_iam_policy_document.ec2_assume"
          ]
        }
      ]
    },
    {
      "mode": "managed",
      "type": "aws_autoscaling_group",
      "name": "secondary_asg",
      "provider": "provider[\"registry.terraform.io/hashicorp/aws\"].secondary",
      "instances": [
        {
          "schema_version": 1,
          "attributes": {
            "arn": "arn:aws:autoscaling:us-east-2:219840048273:autoScalingGroup:62b6aec7-aabe-46a9-ae10-78dd28887c39:autoScalingGroupName/terraform-20251007150307648500000004",
            "availability_zone_distribution": [
              {
                "capacity_distribution_strategy": "balanced-best-effort"
              }
            ],
            "availability_zones": [
              "us-east-2a",
              "us-east-2b"
            ],
            "capacity_rebalance": false,
            "capacity_reservation_specification": [
              {
                "capacity_reservation_preference": "default",
                "capacity_reservation_target": []
              }
            ],
            "context": "",
            "default_cooldown": 300,
            "default_instance_warmup": 0,
            "desired_capacity": 2,
            "desired_capacity_type": "",
            "enabled_metrics": [],
            "force_delete": false,
            "force_delete_warm_pool": false,
            "health_check_grace_period": 300,
            "health_check_type": "EC2",
            "id": "terraform-20251007150307648500000004",
            "ignore_failed_scaling_activities": false,
            "initial_lifecycle_hook": [],
            "instance_maintenance_policy": [],
            "instance_refresh": [],
            "launch_configuration": "",
            "launch_template": [
              {
                "id": "lt-0218dcd0b8e912ea0",
                "name": "multi-region-app-secondary-backend20251007150258639100000002",
                "version": "$Latest"
              }
            ],
            "load_balancers": [],
            "max_instance_lifetime": 0,
            "max_size": 5,
            "metrics_granularity": "1Minute",
            "min_elb_capacity": null,
            "min_size": 2,
            "mixed_instances_policy": [],
            "name": "terraform-20251007150307648500000004",
            "name_prefix": "terraform-",
            "placement_group": "",
            "predicted_capacity": 0,
            "protect_from_scale_in": false,
            "service_linked_role_arn": "arn:aws:iam::219840048273:role/aws-service-role/autoscaling.amazonaws.com/AWSServiceRoleForAutoScaling",
            "suspended_processes": [],
            "tag": [
              {
                "key": "Name",
                "propagate_at_launch": true,
                "value": "multi-region-app-secondary-instance"
              }
            ],
            "target_group_arns": [
              "arn:aws:elasticloadbalancing:us-east-2:219840048273:targetgroup/multi-region-app-secondary-tg/e64081af07d7c6f1"
            ],
            "termination_policies": [],
            "timeouts": null,
            "traffic_source": [
              {
                "identifier": "arn:aws:elasticloadbalancing:us-east-2:219840048273:targetgroup/multi-region-app-secondary-tg/e64081af07d7c6f1",
                "type": "elbv2"
              }
            ],
            "vpc_zone_identifier": [
              "subnet-0afb2b09212c236d2",
              "subnet-0b0f7c3012d5d38cd"
            ],
            "wait_for_capacity_timeout": "10m",
            "wait_for_elb_capacity": null,
            "warm_pool": [],
            "warm_pool_size": 0
          },
          "sensitive_attributes": [],
          "identity_schema_version": 0,
          "private": "eyJlMmJmYjczMC1lY2FhLTExZTYtOGY4OC0zNDM2M2JjN2M0YzAiOnsiZGVsZXRlIjo2MDAwMDAwMDAwMDAsInVwZGF0ZSI6NjAwMDAwMDAwMDAwfSwic2NoZW1hX3ZlcnNpb24iOiIxIn0=",
          "dependencies": [
            "aws_db_subnet_group.primary_db_subnet",
            "aws_db_subnet_group.secondary_db_subnet",
            "aws_iam_instance_profile.ec2_profile",
            "aws_iam_role.ec2_role",
            "aws_launch_template.secondary_backend",
            "aws_lb.secondary_alb",
            "aws_lb_listener.secondary_listener",
            "aws_lb_target_group.secondary_tg",
            "aws_rds_cluster.primary_cluster",
            "aws_rds_cluster.secondary_cluster",
            "aws_rds_cluster_instance.primary_instance_1",
            "aws_rds_global_cluster.global_db",
            "aws_security_group.primary_sg",
            "aws_security_group.secondary_sg",
            "aws_subnet.primary_private_a",
            "aws_subnet.primary_private_b",
            "aws_subnet.secondary_private_a",
            "aws_subnet.secondary_private_b",
            "aws_subnet.secondary_public_a",
            "aws_subnet.secondary_public_b",
            "aws_vpc.primary_vpc",
            "aws_vpc.secondary_vpc",
            "data.aws_iam_policy_document.ec2_assume"
          ]
        }
      ]
    },
    {
      "mode": "managed",
      "type": "aws_db_subnet_group",
      "name": "primary_db_subnet",
      "provider": "provider[\"registry.terraform.io/hashicorp/aws\"].primary",
      "instances": [
        {
          "schema_version": 0,
          "attributes": {
            "arn": "arn:aws:rds:us-east-1:219840048273:subgrp:multi-region-app-primary-dbsubnet",
            "description": "Managed by Terraform",
            "id": "multi-region-app-primary-dbsubnet",
            "name": "multi-region-app-primary-dbsubnet",
            "name_prefix": "",
            "subnet_ids": [
              "subnet-03317e8ac93406292",
              "subnet-09432dc73ad1b691c"
            ],
            "supported_network_types": [
              "IPV4"
            ],
            "tags": {},
            "tags_all": {},
            "vpc_id": "vpc-0ad8c99754cbc1ab1"
          },
          "sensitive_attributes": [],
          "identity_schema_version": 0,
          "private": "bnVsbA==",
          "dependencies": [
            "aws_subnet.primary_private_a",
            "aws_subnet.primary_private_b",
            "aws_vpc.primary_vpc"
          ]
        }
      ]
    },
    {
      "mode": "managed",
      "type": "aws_db_subnet_group",
      "name": "secondary_db_subnet",
      "provider": "provider[\"registry.terraform.io/hashicorp/aws\"].secondary",
      "instances": [
        {
          "schema_version": 0,
          "attributes": {
            "arn": "arn:aws:rds:us-east-2:219840048273:subgrp:multi-region-app-secondary-dbsubnet",
            "description": "Managed by Terraform",
            "id": "multi-region-app-secondary-dbsubnet",
            "name": "multi-region-app-secondary-dbsubnet",
            "name_prefix": "",
            "subnet_ids": [
              "subnet-004414bfb2de8f321",
              "subnet-08339b74fd6d5d830"
            ],
            "supported_network_types": [
              "IPV4"
            ],
            "tags": {},
            "tags_all": {},
            "vpc_id": "vpc-0530dc1797a637730"
          },
          "sensitive_attributes": [],
          "identity_schema_version": 0,
          "private": "bnVsbA==",
          "dependencies": [
            "aws_subnet.secondary_private_a",
            "aws_subnet.secondary_private_b",
            "aws_vpc.secondary_vpc"
          ]
        }
      ]
    },
    {
      "mode": "managed",
      "type": "aws_dynamodb_table",
      "name": "session_table",
      "provider": "provider[\"registry.terraform.io/hashicorp/aws\"].primary",
      "instances": [
        {
          "schema_version": 1,
          "attributes": {
            "arn": "arn:aws:dynamodb:us-east-1:219840048273:table/multi-region-app-sessions",
            "attribute": [
              {
                "name": "sessionId",
                "type": "S"
              }
            ],
            "billing_mode": "PAY_PER_REQUEST",
            "deletion_protection_enabled": false,
            "global_secondary_index": [],
            "hash_key": "sessionId",
            "id": "multi-region-app-sessions",
            "import_table": [],
            "local_secondary_index": [],
            "name": "multi-region-app-sessions",
            "on_demand_throughput": [],
            "point_in_time_recovery": [
              {
                "enabled": false,
                "recovery_period_in_days": 0
              }
            ],
            "range_key": null,
            "read_capacity": 0,
            "replica": [
              {
                "arn": "arn:aws:dynamodb:us-east-2:219840048273:table/multi-region-app-sessions",
                "kms_key_arn": "",
                "point_in_time_recovery": false,
                "propagate_tags": false,
                "region_name": "us-east-2",
                "stream_arn": "arn:aws:dynamodb:us-east-2:219840048273:table/multi-region-app-sessions/stream/2025-10-07T14:47:40.636",
                "stream_label": "2025-10-07T14:47:40.636"
              }
            ],
            "restore_date_time": null,
            "restore_source_name": null,
            "restore_source_table_arn": null,
            "restore_to_latest_time": null,
            "server_side_encryption": [],
            "stream_arn": "arn:aws:dynamodb:us-east-1:219840048273:table/multi-region-app-sessions/stream/2025-10-07T14:47:22.840",
            "stream_enabled": true,
            "stream_label": "2025-10-07T14:47:22.840",
            "stream_view_type": "NEW_AND_OLD_IMAGES",
            "table_class": "STANDARD",
            "tags": {
              "Name": "multi-region-app-sessions"
            },
            "tags_all": {
              "Name": "multi-region-app-sessions"
            },
            "timeouts": null,
            "ttl": [
              {
                "attribute_name": "",
                "enabled": false
              }
            ],
            "write_capacity": 0
          },
          "sensitive_attributes": [],
          "identity_schema_version": 0,
          "private": "eyJlMmJmYjczMC1lY2FhLTExZTYtOGY4OC0zNDM2M2JjN2M0YzAiOnsiY3JlYXRlIjoxODAwMDAwMDAwMDAwLCJkZWxldGUiOjYwMDAwMDAwMDAwMCwidXBkYXRlIjozNjAwMDAwMDAwMDAwfSwic2NoZW1hX3ZlcnNpb24iOiIxIn0="
        }
      ]
    },
    {
      "mode": "managed",
      "type": "aws_iam_instance_profile",
      "name": "ec2_profile",
      "provider": "provider[\"registry.terraform.io/hashicorp/aws\"]",
      "instances": [
        {
          "schema_version": 0,
          "attributes": {
            "arn": "arn:aws:iam::219840048273:instance-profile/multi-region-app-ec2-profile",
            "create_date": "2025-10-07T14:47:23Z",
            "id": "multi-region-app-ec2-profile",
            "name": "multi-region-app-ec2-profile",
            "name_prefix": "",
            "path": "/",
            "role": "multi-region-app-ec2-role",
            "tags": {},
            "tags_all": {},
            "unique_id": "AIPATGL345SI746KPF2Q4"
          },
          "sensitive_attributes": [],
          "identity_schema_version": 0,
          "private": "bnVsbA==",
          "dependencies": [
            "aws_iam_role.ec2_role",
            "data.aws_iam_policy_document.ec2_assume"
          ]
        }
      ]
    },
    {
      "mode": "managed",
      "type": "aws_iam_role",
      "name": "ec2_role",
      "provider": "provider[\"registry.terraform.io/hashicorp/aws\"]",
      "instances": [
        {
          "schema_version": 0,
          "attributes": {
            "arn": "arn:aws:iam::219840048273:role/multi-region-app-ec2-role",
            "assume_role_policy": "{\"Statement\":[{\"Action\":\"sts:AssumeRole\",\"Effect\":\"Allow\",\"Principal\":{\"Service\":\"ec2.amazonaws.com\"}}],\"Version\":\"2012-10-17\"}",
            "create_date": "2025-10-07T14:47:22Z",
            "description": "",
            "force_detach_policies": false,
            "id": "multi-region-app-ec2-role",
            "inline_policy": [],
            "managed_policy_arns": [
              "arn:aws:iam::aws:policy/AmazonDynamoDBFullAccess",
              "arn:aws:iam::aws:policy/AmazonSSMManagedInstanceCore"
            ],
            "max_session_duration": 3600,
            "name": "multi-region-app-ec2-role",
            "name_prefix": "",
            "path": "/",
            "permissions_boundary": "",
            "tags": {},
            "tags_all": {},
            "unique_id": "AROATGL345SI6SBVA4TVO"
          },
          "sensitive_attributes": [],
          "identity_schema_version": 0,
          "private": "bnVsbA==",
          "dependencies": [
            "data.aws_iam_policy_document.ec2_assume"
          ]
        }
      ]
    },
    {
      "mode": "managed",
      "type": "aws_iam_role",
      "name": "replication",
      "provider": "provider[\"registry.terraform.io/hashicorp/aws\"]",
      "instances": [
        {
          "schema_version": 0,
          "attributes": {
            "arn": "arn:aws:iam::219840048273:role/multi-region-app-s3-replication",
            "assume_role_policy": "{\"Statement\":[{\"Action\":\"sts:AssumeRole\",\"Effect\":\"Allow\",\"Principal\":{\"Service\":\"s3.amazonaws.com\"}}],\"Version\":\"2012-10-17\"}",
            "create_date": "2025-10-07T14:47:22Z",
            "description": "",
            "force_detach_policies": false,
            "id": "multi-region-app-s3-replication",
            "inline_policy": [
              {
                "name": "terraform-20251007144727783200000003",
                "policy": "{\"Version\":\"2012-10-17\",\"Statement\":[{\"Action\":[\"s3:GetReplicationConfiguration\",\"s3:ListBucket\"],\"Effect\":\"Allow\",\"Resource\":[\"arn:aws:s3:::multi-region-app-assets-primary\"]},{\"Action\":[\"s3:GetObjectVersionForReplication\",\"s3:GetObjectVersionAcl\"],\"Effect\":\"Allow\",\"Resource\":[\"arn:aws:s3:::multi-region-app-assets-primary/*\"]},{\"Action\":[\"s3:ReplicateObject\",\"s3:ReplicateDelete\"],\"Effect\":\"Allow\",\"Resource\":[\"arn:aws:s3:::multi-region-app-assets-secondary/*\"]}]}"
              }
            ],
            "managed_policy_arns": [],
            "max_session_duration": 3600,
            "name": "multi-region-app-s3-replication",
            "name_prefix": "",
            "path": "/",
            "permissions_boundary": "",
            "tags": {},
            "tags_all": {},
            "unique_id": "AROATGL345SI7KWI6JINS"
          },
          "sensitive_attributes": [],
          "identity_schema_version": 0,
          "private": "bnVsbA=="
        }
      ]
    },
    {
      "mode": "managed",
      "type": "aws_iam_role_policy",
      "name": "replication",
      "provider": "provider[\"registry.terraform.io/hashicorp/aws\"]",
      "instances": [
        {
          "schema_version": 0,
          "attributes": {
            "id": "multi-region-app-s3-replication:terraform-20251007144727783200000003",
            "name": "terraform-20251007144727783200000003",
            "name_prefix": "terraform-",
            "policy": "{\"Version\":\"2012-10-17\",\"Statement\":[{\"Action\":[\"s3:GetReplicationConfiguration\",\"s3:ListBucket\"],\"Effect\":\"Allow\",\"Resource\":[\"arn:aws:s3:::multi-region-app-assets-primary\"]},{\"Action\":[\"s3:GetObjectVersionForReplication\",\"s3:GetObjectVersionAcl\"],\"Effect\":\"Allow\",\"Resource\":[\"arn:aws:s3:::multi-region-app-assets-primary/*\"]},{\"Action\":[\"s3:ReplicateObject\",\"s3:ReplicateDelete\"],\"Effect\":\"Allow\",\"Resource\":[\"arn:aws:s3:::multi-region-app-assets-secondary/*\"]}]}",
            "role": "multi-region-app-s3-replication"
          },
          "sensitive_attributes": [],
          "identity_schema_version": 0,
          "private": "bnVsbA==",
          "dependencies": [
            "aws_iam_role.replication",
            "aws_s3_bucket.primary_assets",
            "aws_s3_bucket.secondary_assets"
          ]
        }
      ]
    },
    {
      "mode": "managed",
      "type": "aws_iam_role_policy_attachment",
      "name": "ec2_attach",
      "provider": "provider[\"registry.terraform.io/hashicorp/aws\"]",
      "instances": [
        {
          "schema_version": 0,
          "attributes": {
            "id": "multi-region-app-ec2-role-20251007144723822500000002",
            "policy_arn": "arn:aws:iam::aws:policy/AmazonSSMManagedInstanceCore",
            "role": "multi-region-app-ec2-role"
          },
          "sensitive_attributes": [],
          "identity_schema_version": 0,
          "private": "bnVsbA==",
          "dependencies": [
            "aws_iam_role.ec2_role",
            "data.aws_iam_policy_document.ec2_assume"
          ]
        }
      ]
    },
    {
      "mode": "managed",
      "type": "aws_iam_role_policy_attachment",
      "name": "ec2_dynamodb",
      "provider": "provider[\"registry.terraform.io/hashicorp/aws\"]",
      "instances": [
        {
          "schema_version": 0,
          "attributes": {
            "id": "multi-region-app-ec2-role-20251007144723786400000001",
            "policy_arn": "arn:aws:iam::aws:policy/AmazonDynamoDBFullAccess",
            "role": "multi-region-app-ec2-role"
          },
          "sensitive_attributes": [],
          "identity_schema_version": 0,
          "private": "bnVsbA==",
          "dependencies": [
            "aws_iam_role.ec2_role",
            "data.aws_iam_policy_document.ec2_assume"
          ]
        }
      ]
    },
    {
      "mode": "managed",
      "type": "aws_internet_gateway",
      "name": "primary_igw",
      "provider": "provider[\"registry.terraform.io/hashicorp/aws\"].primary",
      "instances": [
        {
          "schema_version": 0,
          "attributes": {
            "arn": "arn:aws:ec2:us-east-1:219840048273:internet-gateway/igw-0701d111abb0a93d9",
            "id": "igw-0701d111abb0a93d9",
            "owner_id": "219840048273",
            "tags": {},
            "tags_all": {},
            "timeouts": null,
            "vpc_id": "vpc-0ad8c99754cbc1ab1"
          },
          "sensitive_attributes": [],
          "identity_schema_version": 0,
          "private": "eyJlMmJmYjczMC1lY2FhLTExZTYtOGY4OC0zNDM2M2JjN2M0YzAiOnsiY3JlYXRlIjoxMjAwMDAwMDAwMDAwLCJkZWxldGUiOjEyMDAwMDAwMDAwMDAsInVwZGF0ZSI6MTIwMDAwMDAwMDAwMH19",
          "dependencies": [
            "aws_vpc.primary_vpc"
          ]
        }
      ]
    },
    {
      "mode": "managed",
      "type": "aws_internet_gateway",
      "name": "secondary_igw",
      "provider": "provider[\"registry.terraform.io/hashicorp/aws\"].secondary",
      "instances": [
        {
          "schema_version": 0,
          "attributes": {
            "arn": "arn:aws:ec2:us-east-2:219840048273:internet-gateway/igw-03f6a13de4516b8aa",
            "id": "igw-03f6a13de4516b8aa",
            "owner_id": "219840048273",
            "tags": {},
            "tags_all": {},
            "timeouts": null,
            "vpc_id": "vpc-0530dc1797a637730"
          },
          "sensitive_attributes": [],
          "identity_schema_version": 0,
          "private": "eyJlMmJmYjczMC1lY2FhLTExZTYtOGY4OC0zNDM2M2JjN2M0YzAiOnsiY3JlYXRlIjoxMjAwMDAwMDAwMDAwLCJkZWxldGUiOjEyMDAwMDAwMDAwMDAsInVwZGF0ZSI6MTIwMDAwMDAwMDAwMH19",
          "dependencies": [
            "aws_vpc.secondary_vpc"
          ]
        }
      ]
    },
    {
      "mode": "managed",
      "type": "aws_launch_template",
      "name": "primary_backend",
      "provider": "provider[\"registry.terraform.io/hashicorp/aws\"].primary",
      "instances": [
        {
          "schema_version": 0,
          "attributes": {
            "arn": "arn:aws:ec2:us-east-1:219840048273:launch-template/lt-02943cdc79ac4da89",
            "block_device_mappings": [],
            "capacity_reservation_specification": [],
            "cpu_options": [],
            "credit_specification": [],
            "default_version": 1,
            "description": "",
            "disable_api_stop": false,
            "disable_api_termination": false,
            "ebs_optimized": "",
            "elastic_gpu_specifications": [],
            "elastic_inference_accelerator": [],
            "enclave_options": [],
            "hibernation_options": [],
            "iam_instance_profile": [
              {
                "arn": "",
                "name": "multi-region-app-ec2-profile"
              }
            ],
            "id": "lt-02943cdc79ac4da89",
            "image_id": "ami-0360c520857e3138f",
            "instance_initiated_shutdown_behavior": "",
            "instance_market_options": [],
            "instance_requirements": [],
            "instance_type": "t3.micro",
            "kernel_id": "",
            "key_name": "",
            "latest_version": 1,
            "license_specification": [],
            "maintenance_options": [],
            "metadata_options": [],
            "monitoring": [],
            "name": "multi-region-app-primary-backend20251007150258626100000002",
            "name_prefix": "multi-region-app-primary-backend",
            "network_interfaces": [],
            "placement": [],
            "private_dns_name_options": [],
            "ram_disk_id": "",
            "security_group_names": [],
            "tag_specifications": [],
            "tags": {},
            "tags_all": {},
            "update_default_version": null,
            "user_data": "IyEvYmluL2Jhc2gKIyBVcGRhdGUgYW5kIGluc3RhbGwgZGVwZW5kZW5jaWVzCnN1ZG8gYXB0IHVwZGF0ZSAteQpzdWRvIGFwdCBpbnN0YWxsIC15ICBnaXQgY3VybCBidWlsZC1lc3NlbnRpYWwKCiMgSW5zdGFsbCBOb2RlLmpzIChsYXRlc3QgTFRTKQpjdXJsIC1mc1NMIGh0dHBzOi8vZGViLm5vZGVzb3VyY2UuY29tL3NldHVwX2x0cy54IHwgc3VkbyAtRSBiYXNoIC0Kc3VkbyBhcHQgaW5zdGFsbCAteSBub2RlanMKCiMgQ2xvbmUgdGhlIHJlcG9zaXRvcnkKY2QgL2hvbWUvdWJ1bnR1CmdpdCBjbG9uZSBodHRwczovL2dpdGh1Yi5jb20vU2hhbWFpbEFiYmFzL2F3cy10ZXJyYWZvcm0tbXVsdGktcmVnaW9uLWFjdGl2ZS1hY3RpdmUtZGlzYXN0ZXItcmVjb3ZlcnkuZ2l0CmNkIGF3cy10ZXJyYWZvcm0tbXVsdGktcmVnaW9uLWFjdGl2ZS1hY3RpdmUtZGlzYXN0ZXItcmVjb3ZlcnkvYmFja2VuZAoKIyBDcmVhdGUgLmVudiBmaWxlIHdpdGggZW52aXJvbm1lbnQgdmFyaWFibGVzCmNhdCA+IC5lbnYgPDxFTlYKUkVHSU9OPXByaW1hcnkKUFJJTUFSWV9EQl9IT1NUPW11bHRpLXJlZ2lvbi1hcHAtcHJpbWFyeS1jbHVzdGVyLmNsdXN0ZXItYzY5MnNxaTR1Ym04LnVzLWVhc3QtMS5yZHMuYW1hem9uYXdzLmNvbQpTRUNPTkRBUllfREJfSE9TVD1tdWx0aS1yZWdpb24tYXBwLXNlY29uZGFyeS1jbHVzdGVyLmNsdXN0ZXItY3o2ZWE2dTZrbTh0LnVzLWVhc3QtMi5yZHMuYW1hem9uYXdzLmNvbQpEQl9VU0VSPWFkbWludXNlcgpEQl9QQVNTV09SRD1Zb3VyU2VjdXJlUGFzc3dvcmQxMjMhCkRCX05BTUU9YXBwZGIKUzNfQlVDS0VUX1BSSU1BUlk9bXVsdGktcmVnaW9uLWFwcC1hc3NldHMtcHJpbWFyeQpTM19CVUNLRVRfU0VDT05EQVJZPW11bHRpLXJlZ2lvbi1hcHAtYXNzZXRzLXNlY29uZGFyeQpEWU5BTU9fVEFCTEU9bXVsdGktcmVnaW9uLWFwcC1zZXNzaW9ucwpFTlYKCiMgSW5zdGFsbCBOb2RlLmpzIGRlcGVuZGVuY2llcwpucG0gaW5zdGFsbAoKIyBTdGFydCB0aGUgTm9kZS5qcyBiYWNrZW5kIGFwcApucG0gc3RhcnQK",
            "vpc_security_group_ids": [
              "sg-0cbc743f6aaffe763"
            ]
          },
          "sensitive_attributes": [],
          "identity_schema_version": 0,
          "private": "bnVsbA==",
          "dependencies": [
            "aws_db_subnet_group.primary_db_subnet",
            "aws_db_subnet_group.secondary_db_subnet",
            "aws_iam_instance_profile.ec2_profile",
            "aws_iam_role.ec2_role",
            "aws_rds_cluster.primary_cluster",
            "aws_rds_cluster.secondary_cluster",
            "aws_rds_cluster_instance.primary_instance_1",
            "aws_rds_global_cluster.global_db",
            "aws_security_group.primary_sg",
            "aws_security_group.secondary_sg",
            "aws_subnet.primary_private_a",
            "aws_subnet.primary_private_b",
            "aws_subnet.secondary_private_a",
            "aws_subnet.secondary_private_b",
            "aws_vpc.primary_vpc",
            "aws_vpc.secondary_vpc",
            "data.aws_iam_policy_document.ec2_assume"
          ]
        }
      ]
    },
    {
      "mode": "managed",
      "type": "aws_launch_template",
      "name": "secondary_backend",
      "provider": "provider[\"registry.terraform.io/hashicorp/aws\"].secondary",
      "instances": [
        {
          "schema_version": 0,
          "attributes": {
            "arn": "arn:aws:ec2:us-east-2:219840048273:launch-template/lt-0218dcd0b8e912ea0",
            "block_device_mappings": [],
            "capacity_reservation_specification": [],
            "cpu_options": [],
            "credit_specification": [],
            "default_version": 1,
            "description": "",
            "disable_api_stop": false,
            "disable_api_termination": false,
            "ebs_optimized": "",
            "elastic_gpu_specifications": [],
            "elastic_inference_accelerator": [],
            "enclave_options": [],
            "hibernation_options": [],
            "iam_instance_profile": [
              {
                "arn": "",
                "name": "multi-region-app-ec2-profile"
              }
            ],
            "id": "lt-0218dcd0b8e912ea0",
            "image_id": "ami-0cfde0ea8edd312d4",
            "instance_initiated_shutdown_behavior": "",
            "instance_market_options": [],
            "instance_requirements": [],
            "instance_type": "t3.micro",
            "kernel_id": "",
            "key_name": "",
            "latest_version": 1,
            "license_specification": [],
            "maintenance_options": [],
            "metadata_options": [],
            "monitoring": [],
            "name": "multi-region-app-secondary-backend20251007150258639100000002",
            "name_prefix": "multi-region-app-secondary-backend",
            "network_interfaces": [],
            "placement": [],
            "private_dns_name_options": [],
            "ram_disk_id": "",
            "security_group_names": [],
            "tag_specifications": [],
            "tags": {},
            "tags_all": {},
            "update_default_version": null,
            "user_data": "IyEvYmluL2Jhc2gKIyBVcGRhdGUgYW5kIGluc3RhbGwgZGVwZW5kZW5jaWVzCnN1ZG8gYXB0IHVwZGF0ZSAteQpzdWRvIGFwdCBpbnN0YWxsIC15ICBnaXQgY3VybCBidWlsZC1lc3NlbnRpYWwKCiMgSW5zdGFsbCBOb2RlLmpzIChsYXRlc3QgTFRTKQpjdXJsIC1mc1NMIGh0dHBzOi8vZGViLm5vZGVzb3VyY2UuY29tL3NldHVwX2x0cy54IHwgc3VkbyAtRSBiYXNoIC0Kc3VkbyBhcHQgaW5zdGFsbCAteSBub2RlanMKCiMgQ2xvbmUgdGhlIHJlcG9zaXRvcnkKY2QgL2hvbWUvdWJ1bnR1CmdpdCBjbG9uZSBodHRwczovL2dpdGh1Yi5jb20vU2hhbWFpbEFiYmFzL2F3cy10ZXJyYWZvcm0tbXVsdGktcmVnaW9uLWFjdGl2ZS1hY3RpdmUtZGlzYXN0ZXItcmVjb3ZlcnkuZ2l0CmNkIGF3cy10ZXJyYWZvcm0tbXVsdGktcmVnaW9uLWFjdGl2ZS1hY3RpdmUtZGlzYXN0ZXItcmVjb3ZlcnkvYmFja2VuZAoKIyBDcmVhdGUgLmVudiBmaWxlIHdpdGggZW52aXJvbm1lbnQgdmFyaWFibGVzCmNhdCA+IC5lbnYgPDxFTlYKUkVHSU9OPXNlY29uZGFyeQpQUklNQVJZX0RCX0hPU1Q9bXVsdGktcmVnaW9uLWFwcC1wcmltYXJ5LWNsdXN0ZXIuY2x1c3Rlci1jNjkyc3FpNHVibTgudXMtZWFzdC0xLnJkcy5hbWF6b25hd3MuY29tClNFQ09OREFSWV9EQl9IT1NUPW11bHRpLXJlZ2lvbi1hcHAtc2Vjb25kYXJ5LWNsdXN0ZXIuY2x1c3Rlci1jejZlYTZ1NmttOHQudXMtZWFzdC0yLnJkcy5hbWF6b25hd3MuY29tCkRCX1VTRVI9YWRtaW51c2VyCkRCX1BBU1NXT1JEPVlvdXJTZWN1cmVQYXNzd29yZDEyMyEKREJfTkFNRT1hcHBkYgpTM19CVUNLRVRfUFJJTUFSWT1tdWx0aS1yZWdpb24tYXBwLWFzc2V0cy1wcmltYXJ5ClMzX0JVQ0tFVF9TRUNPTkRBUlk9bXVsdGktcmVnaW9uLWFwcC1hc3NldHMtc2Vjb25kYXJ5CkRZTkFNT19UQUJMRT1tdWx0aS1yZWdpb24tYXBwLXNlc3Npb25zCkVOVgoKIyBJbnN0YWxsIE5vZGUuanMgZGVwZW5kZW5jaWVzCm5wbSBpbnN0YWxsCgojIFN0YXJ0IHRoZSBOb2RlLmpzIGJhY2tlbmQgYXBwCm5wbSBzdGFydAo=",
            "vpc_security_group_ids": [
              "sg-0c2f08b6d5b70f929"
            ]
          },
          "sensitive_attributes": [],
          "identity_schema_version": 0,
          "private": "bnVsbA==",
          "dependencies": [
            "aws_db_subnet_group.primary_db_subnet",
            "aws_db_subnet_group.secondary_db_subnet",
            "aws_iam_instance_profile.ec2_profile",
            "aws_iam_role.ec2_role",
            "aws_rds_cluster.primary_cluster",
            "aws_rds_cluster.secondary_cluster",
            "aws_rds_cluster_instance.primary_instance_1",
            "aws_rds_global_cluster.global_db",
            "aws_security_group.primary_sg",
            "aws_security_group.secondary_sg",
            "aws_subnet.primary_private_a",
            "aws_subnet.primary_private_b",
            "aws_subnet.secondary_private_a",
            "aws_subnet.secondary_private_b",
            "aws_vpc.primary_vpc",
            "aws_vpc.secondary_vpc",
            "data.aws_iam_policy_document.ec2_assume"
          ]
        }
      ]
    },
    {
      "mode": "managed",
      "type": "aws_lb",
      "name": "primary_alb",
      "provider": "provider[\"registry.terraform.io/hashicorp/aws\"].primary",
      "instances": [
        {
          "schema_version": 0,
          "attributes": {
            "access_logs": [
              {
                "bucket": "",
                "enabled": false,
                "prefix": ""
              }
            ],
            "arn": "arn:aws:elasticloadbalancing:us-east-1:219840048273:loadbalancer/app/multi-region-app-primary-alb/3f2f0353e268403c",
            "arn_suffix": "app/multi-region-app-primary-alb/3f2f0353e268403c",
            "client_keep_alive": 3600,
            "connection_logs": [
              {
                "bucket": "",
                "enabled": false,
                "prefix": ""
              }
            ],
            "customer_owned_ipv4_pool": "",
            "desync_mitigation_mode": "defensive",
            "dns_name": "multi-region-app-primary-alb-907094542.us-east-1.elb.amazonaws.com",
            "dns_record_client_routing_policy": null,
            "drop_invalid_header_fields": false,
            "enable_cross_zone_load_balancing": true,
            "enable_deletion_protection": false,
            "enable_http2": true,
            "enable_tls_version_and_cipher_suite_headers": false,
            "enable_waf_fail_open": false,
            "enable_xff_client_port": false,
            "enable_zonal_shift": false,
            "enforce_security_group_inbound_rules_on_private_link_traffic": "",
            "id": "arn:aws:elasticloadbalancing:us-east-1:219840048273:loadbalancer/app/multi-region-app-primary-alb/3f2f0353e268403c",
            "idle_timeout": 60,
            "internal": false,
            "ip_address_type": "ipv4",
            "ipam_pools": [],
            "load_balancer_type": "application",
            "minimum_load_balancer_capacity": [],
            "name": "multi-region-app-primary-alb",
            "name_prefix": "",
            "preserve_host_header": false,
            "security_groups": [
              "sg-0cbc743f6aaffe763"
            ],
            "subnet_mapping": [
              {
                "allocation_id": "",
                "ipv6_address": "",
                "outpost_id": "",
                "private_ipv4_address": "",
                "subnet_id": "subnet-0ca50f5d9362e47e6"
              },
              {
                "allocation_id": "",
                "ipv6_address": "",
                "outpost_id": "",
                "private_ipv4_address": "",
                "subnet_id": "subnet-0e575f137066629ec"
              }
            ],
            "subnets": [
              "subnet-0ca50f5d9362e47e6",
              "subnet-0e575f137066629ec"
            ],
            "tags": {},
            "tags_all": {},
            "timeouts": null,
            "vpc_id": "vpc-0ad8c99754cbc1ab1",
            "xff_header_processing_mode": "append",
            "zone_id": "Z35SXDOTRQ7X7K"
          },
          "sensitive_attributes": [],
          "identity_schema_version": 0,
          "private": "eyJlMmJmYjczMC1lY2FhLTExZTYtOGY4OC0zNDM2M2JjN2M0YzAiOnsiY3JlYXRlIjo2MDAwMDAwMDAwMDAsImRlbGV0ZSI6NjAwMDAwMDAwMDAwLCJ1cGRhdGUiOjYwMDAwMDAwMDAwMH19",
          "dependencies": [
            "aws_security_group.primary_sg",
            "aws_subnet.primary_public_a",
            "aws_subnet.primary_public_b",
            "aws_vpc.primary_vpc"
          ]
        }
      ]
    },
    {
      "mode": "managed",
      "type": "aws_lb",
      "name": "secondary_alb",
      "provider": "provider[\"registry.terraform.io/hashicorp/aws\"].secondary",
      "instances": [
        {
          "schema_version": 0,
          "attributes": {
            "access_logs": [
              {
                "bucket": "",
                "enabled": false,
                "prefix": ""
              }
            ],
            "arn": "arn:aws:elasticloadbalancing:us-east-2:219840048273:loadbalancer/app/multi-region-app-secondary-alb/67e14958623d0a14",
            "arn_suffix": "app/multi-region-app-secondary-alb/67e14958623d0a14",
            "client_keep_alive": 3600,
            "connection_logs": [
              {
                "bucket": "",
                "enabled": false,
                "prefix": ""
              }
            ],
            "customer_owned_ipv4_pool": "",
            "desync_mitigation_mode": "defensive",
            "dns_name": "multi-region-app-secondary-alb-1795054307.us-east-2.elb.amazonaws.com",
            "dns_record_client_routing_policy": null,
            "drop_invalid_header_fields": false,
            "enable_cross_zone_load_balancing": true,
            "enable_deletion_protection": false,
            "enable_http2": true,
            "enable_tls_version_and_cipher_suite_headers": false,
            "enable_waf_fail_open": false,
            "enable_xff_client_port": false,
            "enable_zonal_shift": false,
            "enforce_security_group_inbound_rules_on_private_link_traffic": "",
            "id": "arn:aws:elasticloadbalancing:us-east-2:219840048273:loadbalancer/app/multi-region-app-secondary-alb/67e14958623d0a14",
            "idle_timeout": 60,
            "internal": false,
            "ip_address_type": "ipv4",
            "ipam_pools": [],
            "load_balancer_type": "application",
            "minimum_load_balancer_capacity": [],
            "name": "multi-region-app-secondary-alb",
            "name_prefix": "",
            "preserve_host_header": false,
            "security_groups": [
              "sg-0c2f08b6d5b70f929"
            ],
            "subnet_mapping": [
              {
                "allocation_id": "",
                "ipv6_address": "",
                "outpost_id": "",
                "private_ipv4_address": "",
                "subnet_id": "subnet-0afb2b09212c236d2"
              },
              {
                "allocation_id": "",
                "ipv6_address": "",
                "outpost_id": "",
                "private_ipv4_address": "",
                "subnet_id": "subnet-0b0f7c3012d5d38cd"
              }
            ],
            "subnets": [
              "subnet-0afb2b09212c236d2",
              "subnet-0b0f7c3012d5d38cd"
            ],
            "tags": {},
            "tags_all": {},
            "timeouts": null,
            "vpc_id": "vpc-0530dc1797a637730",
            "xff_header_processing_mode": "append",
            "zone_id": "Z3AADJGX6KTTL2"
          },
          "sensitive_attributes": [],
          "identity_schema_version": 0,
          "private": "eyJlMmJmYjczMC1lY2FhLTExZTYtOGY4OC0zNDM2M2JjN2M0YzAiOnsiY3JlYXRlIjo2MDAwMDAwMDAwMDAsImRlbGV0ZSI6NjAwMDAwMDAwMDAwLCJ1cGRhdGUiOjYwMDAwMDAwMDAwMH19",
          "dependencies": [
            "aws_security_group.secondary_sg",
            "aws_subnet.secondary_public_a",
            "aws_subnet.secondary_public_b",
            "aws_vpc.secondary_vpc"
          ]
        }
      ]
    },
    {
      "mode": "managed",
      "type": "aws_lb_listener",
      "name": "primary_listener",
      "provider": "provider[\"registry.terraform.io/hashicorp/aws\"].primary",
      "instances": [
        {
          "schema_version": 0,
          "attributes": {
            "alpn_policy": null,
            "arn": "arn:aws:elasticloadbalancing:us-east-1:219840048273:listener/app/multi-region-app-primary-alb/3f2f0353e268403c/96be7d61ff2c0a03",
            "certificate_arn": null,
            "default_action": [
              {
                "authenticate_cognito": [],
                "authenticate_oidc": [],
                "fixed_response": [],
                "forward": [],
                "order": 1,
                "redirect": [],
                "target_group_arn": "arn:aws:elasticloadbalancing:us-east-1:219840048273:targetgroup/multi-region-app-primary-tg/e0a7f33c10dab254",
                "type": "forward"
              }
            ],
            "id": "arn:aws:elasticloadbalancing:us-east-1:219840048273:listener/app/multi-region-app-primary-alb/3f2f0353e268403c/96be7d61ff2c0a03",
            "load_balancer_arn": "arn:aws:elasticloadbalancing:us-east-1:219840048273:loadbalancer/app/multi-region-app-primary-alb/3f2f0353e268403c",
            "mutual_authentication": [],
            "port": 80,
            "protocol": "HTTP",
            "routing_http_request_x_amzn_mtls_clientcert_header_name": null,
            "routing_http_request_x_amzn_mtls_clientcert_issuer_header_name": null,
            "routing_http_request_x_amzn_mtls_clientcert_leaf_header_name": null,
            "routing_http_request_x_amzn_mtls_clientcert_serial_number_header_name": null,
            "routing_http_request_x_amzn_mtls_clientcert_subject_header_name": null,
            "routing_http_request_x_amzn_mtls_clientcert_validity_header_name": null,
            "routing_http_request_x_amzn_tls_cipher_suite_header_name": null,
            "routing_http_request_x_amzn_tls_version_header_name": null,
            "routing_http_response_access_control_allow_credentials_header_value": "",
            "routing_http_response_access_control_allow_headers_header_value": "",
            "routing_http_response_access_control_allow_methods_header_value": "",
            "routing_http_response_access_control_allow_origin_header_value": "",
            "routing_http_response_access_control_expose_headers_header_value": "",
            "routing_http_response_access_control_max_age_header_value": "",
            "routing_http_response_content_security_policy_header_value": "",
            "routing_http_response_server_enabled": true,
            "routing_http_response_strict_transport_security_header_value": "",
            "routing_http_response_x_content_type_options_header_value": "",
            "routing_http_response_x_frame_options_header_value": "",
            "ssl_policy": "",
            "tags": {},
            "tags_all": {},
            "tcp_idle_timeout_seconds": null,
            "timeouts": null
          },
          "sensitive_attributes": [],
          "identity_schema_version": 0,
          "private": "eyJlMmJmYjczMC1lY2FhLTExZTYtOGY4OC0zNDM2M2JjN2M0YzAiOnsiY3JlYXRlIjozMDAwMDAwMDAwMDAsInVwZGF0ZSI6MzAwMDAwMDAwMDAwfX0=",
          "dependencies": [
            "aws_lb.primary_alb",
            "aws_lb_target_group.primary_tg",
            "aws_security_group.primary_sg",
            "aws_subnet.primary_public_a",
            "aws_subnet.primary_public_b",
            "aws_vpc.primary_vpc"
          ]
        }
      ]
    },
    {
      "mode": "managed",
      "type": "aws_lb_listener",
      "name": "secondary_listener",
      "provider": "provider[\"registry.terraform.io/hashicorp/aws\"].secondary",
      "instances": [
        {
          "schema_version": 0,
          "attributes": {
            "alpn_policy": null,
            "arn": "arn:aws:elasticloadbalancing:us-east-2:219840048273:listener/app/multi-region-app-secondary-alb/67e14958623d0a14/cffbad22e87fa8c7",
            "certificate_arn": null,
            "default_action": [
              {
                "authenticate_cognito": [],
                "authenticate_oidc": [],
                "fixed_response": [],
                "forward": [],
                "order": 1,
                "redirect": [],
                "target_group_arn": "arn:aws:elasticloadbalancing:us-east-2:219840048273:targetgroup/multi-region-app-secondary-tg/e64081af07d7c6f1",
                "type": "forward"
              }
            ],
            "id": "arn:aws:elasticloadbalancing:us-east-2:219840048273:listener/app/multi-region-app-secondary-alb/67e14958623d0a14/cffbad22e87fa8c7",
            "load_balancer_arn": "arn:aws:elasticloadbalancing:us-east-2:219840048273:loadbalancer/app/multi-region-app-secondary-alb/67e14958623d0a14",
            "mutual_authentication": [],
            "port": 80,
            "protocol": "HTTP",
            "routing_http_request_x_amzn_mtls_clientcert_header_name": null,
            "routing_http_request_x_amzn_mtls_clientcert_issuer_header_name": null,
            "routing_http_request_x_amzn_mtls_clientcert_leaf_header_name": null,
            "routing_http_request_x_amzn_mtls_clientcert_serial_number_header_name": null,
            "routing_http_request_x_amzn_mtls_clientcert_subject_header_name": null,
            "routing_http_request_x_amzn_mtls_clientcert_validity_header_name": null,
            "routing_http_request_x_amzn_tls_cipher_suite_header_name": null,
            "routing_http_request_x_amzn_tls_version_header_name": null,
            "routing_http_response_access_control_allow_credentials_header_value": "",
            "routing_http_response_access_control_allow_headers_header_value": "",
            "routing_http_response_access_control_allow_methods_header_value": "",
            "routing_http_response_access_control_allow_origin_header_value": "",
            "routing_http_response_access_control_expose_headers_header_value": "",
            "routing_http_response_access_control_max_age_header_value": "",
            "routing_http_response_content_security_policy_header_value": "",
            "routing_http_response_server_enabled": true,
            "routing_http_response_strict_transport_security_header_value": "",
            "routing_http_response_x_content_type_options_header_value": "",
            "routing_http_response_x_frame_options_header_value": "",
            "ssl_policy": "",
            "tags": {},
            "tags_all": {},
            "tcp_idle_timeout_seconds": null,
            "timeouts": null
          },
          "sensitive_attributes": [],
          "identity_schema_version": 0,
          "private": "eyJlMmJmYjczMC1lY2FhLTExZTYtOGY4OC0zNDM2M2JjN2M0YzAiOnsiY3JlYXRlIjozMDAwMDAwMDAwMDAsInVwZGF0ZSI6MzAwMDAwMDAwMDAwfX0=",
          "dependencies": [
            "aws_lb.secondary_alb",
            "aws_lb_target_group.secondary_tg",
            "aws_security_group.secondary_sg",
            "aws_subnet.secondary_public_a",
            "aws_subnet.secondary_public_b",
            "aws_vpc.secondary_vpc"
          ]
        }
      ]
    },
    {
      "mode": "managed",
      "type": "aws_lb_target_group",
      "name": "primary_tg",
      "provider": "provider[\"registry.terraform.io/hashicorp/aws\"].primary",
      "instances": [
        {
          "schema_version": 0,
          "attributes": {
            "arn": "arn:aws:elasticloadbalancing:us-east-1:219840048273:targetgroup/multi-region-app-primary-tg/e0a7f33c10dab254",
            "arn_suffix": "targetgroup/multi-region-app-primary-tg/e0a7f33c10dab254",
            "connection_termination": null,
            "deregistration_delay": "300",
            "health_check": [
              {
                "enabled": true,
                "healthy_threshold": 2,
                "interval": 30,
                "matcher": "200",
                "path": "/health",
                "port": "traffic-port",
                "protocol": "HTTP",
                "timeout": 5,
                "unhealthy_threshold": 2
              }
            ],
            "id": "arn:aws:elasticloadbalancing:us-east-1:219840048273:targetgroup/multi-region-app-primary-tg/e0a7f33c10dab254",
            "ip_address_type": "ipv4",
            "lambda_multi_value_headers_enabled": false,
            "load_balancer_arns": [
              "arn:aws:elasticloadbalancing:us-east-1:219840048273:loadbalancer/app/multi-region-app-primary-alb/3f2f0353e268403c"
            ],
            "load_balancing_algorithm_type": "round_robin",
            "load_balancing_anomaly_mitigation": "off",
            "load_balancing_cross_zone_enabled": "use_load_balancer_configuration",
            "name": "multi-region-app-primary-tg",
            "name_prefix": "",
            "port": 5000,
            "preserve_client_ip": null,
            "protocol": "HTTP",
            "protocol_version": "HTTP1",
            "proxy_protocol_v2": false,
            "slow_start": 0,
            "stickiness": [
              {
                "cookie_duration": 86400,
                "cookie_name": "",
                "enabled": false,
                "type": "lb_cookie"
              }
            ],
            "tags": {},
            "tags_all": {},
            "target_failover": [
              {
                "on_deregistration": null,
                "on_unhealthy": null
              }
            ],
            "target_group_health": [
              {
                "dns_failover": [
                  {
                    "minimum_healthy_targets_count": "1",
                    "minimum_healthy_targets_percentage": "off"
                  }
                ],
                "unhealthy_state_routing": [
                  {
                    "minimum_healthy_targets_count": 1,
                    "minimum_healthy_targets_percentage": "off"
                  }
                ]
              }
            ],
            "target_health_state": [
              {
                "enable_unhealthy_connection_termination": null,
                "unhealthy_draining_interval": null
              }
            ],
            "target_type": "instance",
            "vpc_id": "vpc-0ad8c99754cbc1ab1"
          },
          "sensitive_attributes": [],
          "identity_schema_version": 0,
          "private": "bnVsbA==",
          "dependencies": [
            "aws_vpc.primary_vpc"
          ]
        }
      ]
    },
    {
      "mode": "managed",
      "type": "aws_lb_target_group",
      "name": "secondary_tg",
      "provider": "provider[\"registry.terraform.io/hashicorp/aws\"].secondary",
      "instances": [
        {
          "schema_version": 0,
          "attributes": {
            "arn": "arn:aws:elasticloadbalancing:us-east-2:219840048273:targetgroup/multi-region-app-secondary-tg/e64081af07d7c6f1",
            "arn_suffix": "targetgroup/multi-region-app-secondary-tg/e64081af07d7c6f1",
            "connection_termination": null,
            "deregistration_delay": "300",
            "health_check": [
              {
                "enabled": true,
                "healthy_threshold": 2,
                "interval": 30,
                "matcher": "200",
                "path": "/health",
                "port": "traffic-port",
                "protocol": "HTTP",
                "timeout": 5,
                "unhealthy_threshold": 2
              }
            ],
            "id": "arn:aws:elasticloadbalancing:us-east-2:219840048273:targetgroup/multi-region-app-secondary-tg/e64081af07d7c6f1",
            "ip_address_type": "ipv4",
            "lambda_multi_value_headers_enabled": false,
            "load_balancer_arns": [
              "arn:aws:elasticloadbalancing:us-east-2:219840048273:loadbalancer/app/multi-region-app-secondary-alb/67e14958623d0a14"
            ],
            "load_balancing_algorithm_type": "round_robin",
            "load_balancing_anomaly_mitigation": "off",
            "load_balancing_cross_zone_enabled": "use_load_balancer_configuration",
            "name": "multi-region-app-secondary-tg",
            "name_prefix": "",
            "port": 5000,
            "preserve_client_ip": null,
            "protocol": "HTTP",
            "protocol_version": "HTTP1",
            "proxy_protocol_v2": false,
            "slow_start": 0,
            "stickiness": [
              {
                "cookie_duration": 86400,
                "cookie_name": "",
                "enabled": false,
                "type": "lb_cookie"
              }
            ],
            "tags": {},
            "tags_all": {},
            "target_failover": [
              {
                "on_deregistration": null,
                "on_unhealthy": null
              }
            ],
            "target_group_health": [
              {
                "dns_failover": [
                  {
                    "minimum_healthy_targets_count": "1",
                    "minimum_healthy_targets_percentage": "off"
                  }
                ],
                "unhealthy_state_routing": [
                  {
                    "minimum_healthy_targets_count": 1,
                    "minimum_healthy_targets_percentage": "off"
                  }
                ]
              }
            ],
            "target_health_state": [
              {
                "enable_unhealthy_connection_termination": null,
                "unhealthy_draining_interval": null
              }
            ],
            "target_type": "instance",
            "vpc_id": "vpc-0530dc1797a637730"
          },
          "sensitive_attributes": [],
          "identity_schema_version": 0,
          "private": "bnVsbA==",
          "dependencies": [
            "aws_vpc.secondary_vpc"
          ]
        }
      ]
    },
    {
      "mode": "managed",
      "type": "aws_rds_cluster",
      "name": "primary_cluster",
      "provider": "provider[\"registry.terraform.io/hashicorp/aws\"].primary",
      "instances": [
        {
          "schema_version": 1,
          "attributes": {
            "allocated_storage": 1,
            "allow_major_version_upgrade": null,
            "apply_immediately": null,
            "arn": "arn:aws:rds:us-east-1:219840048273:cluster:multi-region-app-primary-cluster",
            "availability_zones": [
              "us-east-1a",
              "us-east-1b",
              "us-east-1c"
            ],
            "backtrack_window": 0,
            "backup_retention_period": 7,
            "ca_certificate_identifier": null,
            "ca_certificate_valid_till": null,
            "cluster_identifier": "multi-region-app-primary-cluster",
            "cluster_identifier_prefix": "",
            "cluster_members": [
              "multi-region-app-primary-instance-1",
              "multi-region-app-primary-instance-2"
            ],
            "cluster_resource_id": "cluster-CLVIZTF5QHJTEX2FE2BT6NSPRY",
            "cluster_scalability_type": "",
            "copy_tags_to_snapshot": false,
            "database_insights_mode": "standard",
            "database_name": "appdb",
            "db_cluster_instance_class": "",
            "db_cluster_parameter_group_name": "default.aurora-postgresql15",
            "db_instance_parameter_group_name": null,
            "db_subnet_group_name": "multi-region-app-primary-dbsubnet",
            "db_system_id": "",
            "delete_automated_backups": true,
            "deletion_protection": false,
            "domain": "",
            "domain_iam_role_name": "",
            "enable_global_write_forwarding": false,
            "enable_http_endpoint": false,
            "enable_local_write_forwarding": false,
            "enabled_cloudwatch_logs_exports": [],
            "endpoint": "multi-region-app-primary-cluster.cluster-c692sqi4ubm8.us-east-1.rds.amazonaws.com",
            "engine": "aurora-postgresql",
            "engine_lifecycle_support": "open-source-rds-extended-support",
            "engine_mode": "provisioned",
            "engine_version": "15.4",
            "engine_version_actual": "15.4",
            "final_snapshot_identifier": null,
            "global_cluster_identifier": "multi-region-app-global-cluster",
            "hosted_zone_id": "Z2R2ITUGPM61AM",
            "iam_database_authentication_enabled": false,
            "iam_roles": [],
            "id": "multi-region-app-primary-cluster",
            "iops": 0,
            "kms_key_id": "",
            "manage_master_user_password": null,
            "master_password": "YourSecurePassword123!",
            "master_password_wo": null,
            "master_password_wo_version": null,
            "master_user_secret": [],
            "master_user_secret_kms_key_id": null,
            "master_username": "adminuser",
            "monitoring_interval": 0,
            "monitoring_role_arn": "",
            "network_type": "IPV4",
            "performance_insights_enabled": false,
            "performance_insights_kms_key_id": "",
            "performance_insights_retention_period": 0,
            "port": 5432,
            "preferred_backup_window": "03:00-04:00",
            "preferred_maintenance_window": "mon:04:00-mon:05:00",
            "reader_endpoint": "multi-region-app-primary-cluster.cluster-ro-c692sqi4ubm8.us-east-1.rds.amazonaws.com",
            "replication_source_identifier": "",
            "restore_to_point_in_time": [],
            "s3_import": [],
            "scaling_configuration": [],
            "serverlessv2_scaling_configuration": [],
            "skip_final_snapshot": true,
            "snapshot_identifier": null,
            "source_region": null,
            "storage_encrypted": false,
            "storage_type": "",
            "tags": {},
            "tags_all": {},
            "timeouts": null,
            "vpc_security_group_ids": [
              "sg-0cbc743f6aaffe763"
            ]
          },
          "sensitive_attributes": [
            [
              {
                "type": "get_attr",
                "value": "master_password"
              }
            ],
            [
              {
                "type": "get_attr",
                "value": "master_password_wo"
              }
            ]
          ],
          "identity_schema_version": 0,
          "private": "eyJlMmJmYjczMC1lY2FhLTExZTYtOGY4OC0zNDM2M2JjN2M0YzAiOnsiY3JlYXRlIjo3MjAwMDAwMDAwMDAwLCJkZWxldGUiOjcyMDAwMDAwMDAwMDAsInVwZGF0ZSI6NzIwMDAwMDAwMDAwMH0sInNjaGVtYV92ZXJzaW9uIjoiMSJ9",
          "dependencies": [
            "aws_db_subnet_group.primary_db_subnet",
            "aws_rds_global_cluster.global_db",
            "aws_security_group.primary_sg",
            "aws_subnet.primary_private_a",
            "aws_subnet.primary_private_b",
            "aws_vpc.primary_vpc"
          ]
        }
      ]
    },
    {
      "mode": "managed",
      "type": "aws_rds_cluster",
      "name": "secondary_cluster",
      "provider": "provider[\"registry.terraform.io/hashicorp/aws\"].secondary",
      "instances": [
        {
          "schema_version": 1,
          "attributes": {
            "allocated_storage": 1,
            "allow_major_version_upgrade": null,
            "apply_immediately": null,
            "arn": "arn:aws:rds:us-east-2:219840048273:cluster:multi-region-app-secondary-cluster",
            "availability_zones": [
              "us-east-2a",
              "us-east-2b",
              "us-east-2c"
            ],
            "backtrack_window": 0,
            "backup_retention_period": 1,
            "ca_certificate_identifier": null,
            "ca_certificate_valid_till": null,
            "cluster_identifier": "multi-region-app-secondary-cluster",
            "cluster_identifier_prefix": "",
            "cluster_members": [
              "multi-region-app-secondary-instance-1",
              "multi-region-app-secondary-instance-2"
            ],
            "cluster_resource_id": "cluster-5R62Q5ENUR24YWEBQFX2ISGYGU",
            "cluster_scalability_type": "",
            "copy_tags_to_snapshot": false,
            "database_insights_mode": "standard",
            "database_name": "appdb",
            "db_cluster_instance_class": "",
            "db_cluster_parameter_group_name": "default.aurora-postgresql15",
            "db_instance_parameter_group_name": null,
            "db_subnet_group_name": "multi-region-app-secondary-dbsubnet",
            "db_system_id": "",
            "delete_automated_backups": true,
            "deletion_protection": false,
            "domain": "",
            "domain_iam_role_name": "",
            "enable_global_write_forwarding": false,
            "enable_http_endpoint": false,
            "enable_local_write_forwarding": false,
            "enabled_cloudwatch_logs_exports": [],
            "endpoint": "multi-region-app-secondary-cluster.cluster-cz6ea6u6km8t.us-east-2.rds.amazonaws.com",
            "engine": "aurora-postgresql",
            "engine_lifecycle_support": "open-source-rds-extended-support",
            "engine_mode": "provisioned",
            "engine_version": "15.4",
            "engine_version_actual": "15.4",
            "final_snapshot_identifier": null,
            "global_cluster_identifier": "multi-region-app-global-cluster",
            "hosted_zone_id": "Z2XHWR1WZ565X2",
            "iam_database_authentication_enabled": false,
            "iam_roles": [],
            "id": "multi-region-app-secondary-cluster",
            "iops": 0,
            "kms_key_id": "",
            "manage_master_user_password": null,
            "master_password": null,
            "master_password_wo": null,
            "master_password_wo_version": null,
            "master_user_secret": [],
            "master_user_secret_kms_key_id": null,
            "master_username": "adminuser",
            "monitoring_interval": 0,
            "monitoring_role_arn": "",
            "network_type": "IPV4",
            "performance_insights_enabled": false,
            "performance_insights_kms_key_id": "",
            "performance_insights_retention_period": 0,
            "port": 5432,
            "preferred_backup_window": "07:01-07:31",
            "preferred_maintenance_window": "sat:09:33-sat:10:03",
            "reader_endpoint": "multi-region-app-secondary-cluster.cluster-ro-cz6ea6u6km8t.us-east-2.rds.amazonaws.com",
            "replication_source_identifier": "",
            "restore_to_point_in_time": [],
            "s3_import": [],
            "scaling_configuration": [],
            "serverlessv2_scaling_configuration": [],
            "skip_final_snapshot": true,
            "snapshot_identifier": null,
            "source_region": null,
            "storage_encrypted": false,
            "storage_type": "",
            "tags": {},
            "tags_all": {},
            "timeouts": null,
            "vpc_security_group_ids": [
              "sg-0c2f08b6d5b70f929"
            ]
          },
          "sensitive_attributes": [
            [
              {
                "type": "get_attr",
                "value": "master_password"
              }
            ],
            [
              {
                "type": "get_attr",
                "value": "master_password_wo"
              }
            ]
          ],
          "identity_schema_version": 0,
          "private": "eyJlMmJmYjczMC1lY2FhLTExZTYtOGY4OC0zNDM2M2JjN2M0YzAiOnsiY3JlYXRlIjo3MjAwMDAwMDAwMDAwLCJkZWxldGUiOjcyMDAwMDAwMDAwMDAsInVwZGF0ZSI6NzIwMDAwMDAwMDAwMH0sInNjaGVtYV92ZXJzaW9uIjoiMSJ9",
          "dependencies": [
            "aws_db_subnet_group.primary_db_subnet",
            "aws_db_subnet_group.secondary_db_subnet",
            "aws_rds_cluster.primary_cluster",
            "aws_rds_cluster_instance.primary_instance_1",
            "aws_rds_global_cluster.global_db",
            "aws_security_group.primary_sg",
            "aws_security_group.secondary_sg",
            "aws_subnet.primary_private_a",
            "aws_subnet.primary_private_b",
            "aws_subnet.secondary_private_a",
            "aws_subnet.secondary_private_b",
            "aws_vpc.primary_vpc",
            "aws_vpc.secondary_vpc"
          ]
        }
      ]
    },
    {
      "mode": "managed",
      "type": "aws_rds_cluster_instance",
      "name": "primary_instance_1",
      "provider": "provider[\"registry.terraform.io/hashicorp/aws\"].primary",
      "instances": [
        {
          "schema_version": 0,
          "attributes": {
            "apply_immediately": null,
            "arn": "arn:aws:rds:us-east-1:219840048273:db:multi-region-app-primary-instance-1",
            "auto_minor_version_upgrade": true,
            "availability_zone": "us-east-1a",
            "ca_cert_identifier": "rds-ca-rsa2048-g1",
            "cluster_identifier": "multi-region-app-primary-cluster",
            "copy_tags_to_snapshot": false,
            "custom_iam_instance_profile": "",
            "db_parameter_group_name": "default.aurora-postgresql15",
            "db_subnet_group_name": "multi-region-app-primary-dbsubnet",
            "dbi_resource_id": "db-GG7JQOHGPQLD7O7HXM7IR3TLZI",
            "endpoint": "multi-region-app-primary-instance-1.c692sqi4ubm8.us-east-1.rds.amazonaws.com",
            "engine": "aurora-postgresql",
            "engine_version": "15.4",
            "engine_version_actual": "15.4",
            "force_destroy": false,
            "id": "multi-region-app-primary-instance-1",
            "identifier": "multi-region-app-primary-instance-1",
            "identifier_prefix": "",
            "instance_class": "db.r5.large",
            "kms_key_id": "",
            "monitoring_interval": 0,
            "monitoring_role_arn": "",
            "network_type": "IPV4",
            "performance_insights_enabled": false,
            "performance_insights_kms_key_id": "",
            "performance_insights_retention_period": 0,
            "port": 5432,
            "preferred_backup_window": "03:00-04:00",
            "preferred_maintenance_window": "fri:06:15-fri:06:45",
            "promotion_tier": 0,
            "publicly_accessible": false,
            "storage_encrypted": false,
            "tags": {},
            "tags_all": {},
            "timeouts": null,
            "writer": false
          },
          "sensitive_attributes": [],
          "identity_schema_version": 0,
          "private": "eyJlMmJmYjczMC1lY2FhLTExZTYtOGY4OC0zNDM2M2JjN2M0YzAiOnsiY3JlYXRlIjo1NDAwMDAwMDAwMDAwLCJkZWxldGUiOjU0MDAwMDAwMDAwMDAsInVwZGF0ZSI6NTQwMDAwMDAwMDAwMH19",
          "dependencies": [
            "aws_db_subnet_group.primary_db_subnet",
            "aws_rds_cluster.primary_cluster",
            "aws_rds_global_cluster.global_db",
            "aws_security_group.primary_sg",
            "aws_subnet.primary_private_a",
            "aws_subnet.primary_private_b",
            "aws_vpc.primary_vpc"
          ]
        }
      ]
    },
    {
      "mode": "managed",
      "type": "aws_rds_cluster_instance",
      "name": "primary_instance_2",
      "provider": "provider[\"registry.terraform.io/hashicorp/aws\"].primary",
      "instances": [
        {
          "schema_version": 0,
          "attributes": {
            "apply_immediately": null,
            "arn": "arn:aws:rds:us-east-1:219840048273:db:multi-region-app-primary-instance-2",
            "auto_minor_version_upgrade": true,
            "availability_zone": "us-east-1b",
            "ca_cert_identifier": "rds-ca-rsa2048-g1",
            "cluster_identifier": "multi-region-app-primary-cluster",
            "copy_tags_to_snapshot": false,
            "custom_iam_instance_profile": "",
            "db_parameter_group_name": "default.aurora-postgresql15",
            "db_subnet_group_name": "multi-region-app-primary-dbsubnet",
            "dbi_resource_id": "db-MZUTPFAC2QKHT6DEHRUYTJVZX4",
            "endpoint": "multi-region-app-primary-instance-2.c692sqi4ubm8.us-east-1.rds.amazonaws.com",
            "engine": "aurora-postgresql",
            "engine_version": "15.4",
            "engine_version_actual": "15.4",
            "force_destroy": false,
            "id": "multi-region-app-primary-instance-2",
            "identifier": "multi-region-app-primary-instance-2",
            "identifier_prefix": "",
            "instance_class": "db.r5.large",
            "kms_key_id": "",
            "monitoring_interval": 0,
            "monitoring_role_arn": "",
            "network_type": "IPV4",
            "performance_insights_enabled": false,
            "performance_insights_kms_key_id": "",
            "performance_insights_retention_period": 0,
            "port": 5432,
            "preferred_backup_window": "03:00-04:00",
            "preferred_maintenance_window": "mon:03:09-mon:03:39",
            "promotion_tier": 0,
            "publicly_accessible": false,
            "storage_encrypted": false,
            "tags": {},
            "tags_all": {},
            "timeouts": null,
            "writer": true
          },
          "sensitive_attributes": [],
          "identity_schema_version": 0,
          "private": "eyJlMmJmYjczMC1lY2FhLTExZTYtOGY4OC0zNDM2M2JjN2M0YzAiOnsiY3JlYXRlIjo1NDAwMDAwMDAwMDAwLCJkZWxldGUiOjU0MDAwMDAwMDAwMDAsInVwZGF0ZSI6NTQwMDAwMDAwMDAwMH19",
          "dependencies": [
            "aws_db_subnet_group.primary_db_subnet",
            "aws_rds_cluster.primary_cluster",
            "aws_rds_global_cluster.global_db",
            "aws_security_group.primary_sg",
            "aws_subnet.primary_private_a",
            "aws_subnet.primary_private_b",
            "aws_vpc.primary_vpc"
          ]
        }
      ]
    },
    {
      "mode": "managed",
      "type": "aws_rds_cluster_instance",
      "name": "secondary_instance_1",
      "provider": "provider[\"registry.terraform.io/hashicorp/aws\"].secondary",
      "instances": [
        {
          "schema_version": 0,
          "attributes": {
            "apply_immediately": null,
            "arn": "arn:aws:rds:us-east-2:219840048273:db:multi-region-app-secondary-instance-1",
            "auto_minor_version_upgrade": true,
            "availability_zone": "us-east-2b",
            "ca_cert_identifier": "rds-ca-rsa2048-g1",
            "cluster_identifier": "multi-region-app-secondary-cluster",
            "copy_tags_to_snapshot": false,
            "custom_iam_instance_profile": "",
            "db_parameter_group_name": "default.aurora-postgresql15",
            "db_subnet_group_name": "multi-region-app-secondary-dbsubnet",
            "dbi_resource_id": "db-VUOUE2GYR7ICIVCGLVLYWCDRTY",
            "endpoint": "multi-region-app-secondary-instance-1.cz6ea6u6km8t.us-east-2.rds.amazonaws.com",
            "engine": "aurora-postgresql",
            "engine_version": "15.4",
            "engine_version_actual": "15.4",
            "force_destroy": false,
            "id": "multi-region-app-secondary-instance-1",
            "identifier": "multi-region-app-secondary-instance-1",
            "identifier_prefix": "",
            "instance_class": "db.r5.large",
            "kms_key_id": "",
            "monitoring_interval": 0,
            "monitoring_role_arn": "",
            "network_type": "IPV4",
            "performance_insights_enabled": false,
            "performance_insights_kms_key_id": "",
            "performance_insights_retention_period": 0,
            "port": 5432,
            "preferred_backup_window": "07:01-07:31",
            "preferred_maintenance_window": "mon:04:05-mon:04:35",
            "promotion_tier": 0,
            "publicly_accessible": false,
            "storage_encrypted": false,
            "tags": {},
            "tags_all": {},
            "timeouts": null,
            "writer": true
          },
          "sensitive_attributes": [],
          "identity_schema_version": 0,
          "private": "eyJlMmJmYjczMC1lY2FhLTExZTYtOGY4OC0zNDM2M2JjN2M0YzAiOnsiY3JlYXRlIjo1NDAwMDAwMDAwMDAwLCJkZWxldGUiOjU0MDAwMDAwMDAwMDAsInVwZGF0ZSI6NTQwMDAwMDAwMDAwMH19",
          "dependencies": [
            "aws_db_subnet_group.primary_db_subnet",
            "aws_db_subnet_group.secondary_db_subnet",
            "aws_rds_cluster.primary_cluster",
            "aws_rds_cluster.secondary_cluster",
            "aws_rds_cluster_instance.primary_instance_1",
            "aws_rds_global_cluster.global_db",
            "aws_security_group.primary_sg",
            "aws_security_group.secondary_sg",
            "aws_subnet.primary_private_a",
            "aws_subnet.primary_private_b",
            "aws_subnet.secondary_private_a",
            "aws_subnet.secondary_private_b",
            "aws_vpc.primary_vpc",
            "aws_vpc.secondary_vpc"
          ]
        }
      ]
    },
    {
      "mode": "managed",
      "type": "aws_rds_cluster_instance",
      "name": "secondary_instance_2",
      "provider": "provider[\"registry.terraform.io/hashicorp/aws\"].secondary",
      "instances": [
        {
          "schema_version": 0,
          "attributes": {
            "apply_immediately": null,
            "arn": "arn:aws:rds:us-east-2:219840048273:db:multi-region-app-secondary-instance-2",
            "auto_minor_version_upgrade": true,
            "availability_zone": "us-east-2a",
            "ca_cert_identifier": "rds-ca-rsa2048-g1",
            "cluster_identifier": "multi-region-app-secondary-cluster",
            "copy_tags_to_snapshot": false,
            "custom_iam_instance_profile": "",
            "db_parameter_group_name": "default.aurora-postgresql15",
            "db_subnet_group_name": "multi-region-app-secondary-dbsubnet",
            "dbi_resource_id": "db-AJPWPO5EJXDY6P5SCILSPGQ3OA",
            "endpoint": "multi-region-app-secondary-instance-2.cz6ea6u6km8t.us-east-2.rds.amazonaws.com",
            "engine": "aurora-postgresql",
            "engine_version": "15.4",
            "engine_version_actual": "15.4",
            "force_destroy": false,
            "id": "multi-region-app-secondary-instance-2",
            "identifier": "multi-region-app-secondary-instance-2",
            "identifier_prefix": "",
            "instance_class": "db.r5.large",
            "kms_key_id": "",
            "monitoring_interval": 0,
            "monitoring_role_arn": "",
            "network_type": "IPV4",
            "performance_insights_enabled": false,
            "performance_insights_kms_key_id": "",
            "performance_insights_retention_period": 0,
            "port": 5432,
            "preferred_backup_window": "07:01-07:31",
            "preferred_maintenance_window": "thu:09:54-thu:10:24",
            "promotion_tier": 0,
            "publicly_accessible": false,
            "storage_encrypted": false,
            "tags": {},
            "tags_all": {},
            "timeouts": null,
            "writer": false
          },
          "sensitive_attributes": [],
          "identity_schema_version": 0,
          "private": "eyJlMmJmYjczMC1lY2FhLTExZTYtOGY4OC0zNDM2M2JjN2M0YzAiOnsiY3JlYXRlIjo1NDAwMDAwMDAwMDAwLCJkZWxldGUiOjU0MDAwMDAwMDAwMDAsInVwZGF0ZSI6NTQwMDAwMDAwMDAwMH19",
          "dependencies": [
            "aws_db_subnet_group.primary_db_subnet",
            "aws_db_subnet_group.secondary_db_subnet",
            "aws_rds_cluster.primary_cluster",
            "aws_rds_cluster.secondary_cluster",
            "aws_rds_cluster_instance.primary_instance_1",
            "aws_rds_global_cluster.global_db",
            "aws_security_group.primary_sg",
            "aws_security_group.secondary_sg",
            "aws_subnet.primary_private_a",
            "aws_subnet.primary_private_b",
            "aws_subnet.secondary_private_a",
            "aws_subnet.secondary_private_b",
            "aws_vpc.primary_vpc",
            "aws_vpc.secondary_vpc"
          ]
        }
      ]
    },
    {
      "mode": "managed",
      "type": "aws_rds_global_cluster",
      "name": "global_db",
      "provider": "provider[\"registry.terraform.io/hashicorp/aws\"].primary",
      "instances": [
        {
          "schema_version": 0,
          "attributes": {
            "arn": "arn:aws:rds::219840048273:global-cluster:multi-region-app-global-cluster",
            "database_name": "appdb",
            "deletion_protection": false,
            "endpoint": "multi-region-app-global-cluster.global-gxbapzafplbx.global.rds.amazonaws.com",
            "engine": "aurora-postgresql",
            "engine_lifecycle_support": "open-source-rds-extended-support",
            "engine_version": "15.4",
            "engine_version_actual": "15.4",
            "force_destroy": null,
            "global_cluster_identifier": "multi-region-app-global-cluster",
            "global_cluster_members": [
              {
                "db_cluster_arn": "arn:aws:rds:us-east-1:219840048273:cluster:multi-region-app-primary-cluster",
                "is_writer": true
              }
            ],
            "global_cluster_resource_id": "cluster-6856baa3b3729b7f",
            "id": "multi-region-app-global-cluster",
            "source_db_cluster_identifier": null,
            "storage_encrypted": false,
            "tags": {},
            "tags_all": {},
            "timeouts": null
          },
          "sensitive_attributes": [],
          "identity_schema_version": 0,
          "private": "eyJlMmJmYjczMC1lY2FhLTExZTYtOGY4OC0zNDM2M2JjN2M0YzAiOnsiY3JlYXRlIjoxODAwMDAwMDAwMDAwLCJkZWxldGUiOjE4MDAwMDAwMDAwMDAsInVwZGF0ZSI6NTQwMDAwMDAwMDAwMH19"
        }
      ]
    },
    {
      "mode": "managed",
      "type": "aws_route_table",
      "name": "primary_public_rt",
      "provider": "provider[\"registry.terraform.io/hashicorp/aws\"].primary",
      "instances": [
        {
          "schema_version": 0,
          "attributes": {
            "arn": "arn:aws:ec2:us-east-1:219840048273:route-table/rtb-0490e164e6c6f3caf",
            "id": "rtb-0490e164e6c6f3caf",
            "owner_id": "219840048273",
            "propagating_vgws": [],
            "route": [
              {
                "carrier_gateway_id": "",
                "cidr_block": "0.0.0.0/0",
                "core_network_arn": "",
                "destination_prefix_list_id": "",
                "egress_only_gateway_id": "",
                "gateway_id": "igw-0701d111abb0a93d9",
                "ipv6_cidr_block": "",
                "local_gateway_id": "",
                "nat_gateway_id": "",
                "network_interface_id": "",
                "transit_gateway_id": "",
                "vpc_endpoint_id": "",
                "vpc_peering_connection_id": ""
              }
            ],
            "tags": {},
            "tags_all": {},
            "timeouts": null,
            "vpc_id": "vpc-0ad8c99754cbc1ab1"
          },
          "sensitive_attributes": [],
          "identity_schema_version": 0,
          "private": "eyJlMmJmYjczMC1lY2FhLTExZTYtOGY4OC0zNDM2M2JjN2M0YzAiOnsiY3JlYXRlIjozMDAwMDAwMDAwMDAsImRlbGV0ZSI6MzAwMDAwMDAwMDAwLCJ1cGRhdGUiOjEyMDAwMDAwMDAwMH19",
          "dependencies": [
            "aws_internet_gateway.primary_igw",
            "aws_vpc.primary_vpc"
          ]
        }
      ]
    },
    {
      "mode": "managed",
      "type": "aws_route_table",
      "name": "secondary_rt",
      "provider": "provider[\"registry.terraform.io/hashicorp/aws\"].secondary",
      "instances": [
        {
          "schema_version": 0,
          "attributes": {
            "arn": "arn:aws:ec2:us-east-2:219840048273:route-table/rtb-07527faf2df547eeb",
            "id": "rtb-07527faf2df547eeb",
            "owner_id": "219840048273",
            "propagating_vgws": [],
            "route": [
              {
                "carrier_gateway_id": "",
                "cidr_block": "0.0.0.0/0",
                "core_network_arn": "",
                "destination_prefix_list_id": "",
                "egress_only_gateway_id": "",
                "gateway_id": "igw-03f6a13de4516b8aa",
                "ipv6_cidr_block": "",
                "local_gateway_id": "",
                "nat_gateway_id": "",
                "network_interface_id": "",
                "transit_gateway_id": "",
                "vpc_endpoint_id": "",
                "vpc_peering_connection_id": ""
              }
            ],
            "tags": {},
            "tags_all": {},
            "timeouts": null,
            "vpc_id": "vpc-0530dc1797a637730"
          },
          "sensitive_attributes": [],
          "identity_schema_version": 0,
          "private": "eyJlMmJmYjczMC1lY2FhLTExZTYtOGY4OC0zNDM2M2JjN2M0YzAiOnsiY3JlYXRlIjozMDAwMDAwMDAwMDAsImRlbGV0ZSI6MzAwMDAwMDAwMDAwLCJ1cGRhdGUiOjEyMDAwMDAwMDAwMH19",
          "dependencies": [
            "aws_internet_gateway.secondary_igw",
            "aws_vpc.secondary_vpc"
          ]
        }
      ]
    },
    {
      "mode": "managed",
      "type": "aws_route_table_association",
      "name": "primary_public_a_assoc",
      "provider": "provider[\"registry.terraform.io/hashicorp/aws\"].primary",
      "instances": [
        {
          "schema_version": 0,
          "attributes": {
            "gateway_id": "",
            "id": "rtbassoc-0f961f33af6d48466",
            "route_table_id": "rtb-0490e164e6c6f3caf",
            "subnet_id": "subnet-0e575f137066629ec",
            "timeouts": null
          },
          "sensitive_attributes": [],
          "identity_schema_version": 0,
          "private": "eyJlMmJmYjczMC1lY2FhLTExZTYtOGY4OC0zNDM2M2JjN2M0YzAiOnsiY3JlYXRlIjozMDAwMDAwMDAwMDAsImRlbGV0ZSI6MzAwMDAwMDAwMDAwLCJ1cGRhdGUiOjEyMDAwMDAwMDAwMH19",
          "dependencies": [
            "aws_internet_gateway.primary_igw",
            "aws_route_table.primary_public_rt",
            "aws_subnet.primary_public_a",
            "aws_vpc.primary_vpc"
          ]
        }
      ]
    },
    {
      "mode": "managed",
      "type": "aws_route_table_association",
      "name": "primary_public_b_assoc",
      "provider": "provider[\"registry.terraform.io/hashicorp/aws\"].primary",
      "instances": [
        {
          "schema_version": 0,
          "attributes": {
            "gateway_id": "",
            "id": "rtbassoc-0b5674f1312f84c19",
            "route_table_id": "rtb-0490e164e6c6f3caf",
            "subnet_id": "subnet-0ca50f5d9362e47e6",
            "timeouts": null
          },
          "sensitive_attributes": [],
          "identity_schema_version": 0,
          "private": "eyJlMmJmYjczMC1lY2FhLTExZTYtOGY4OC0zNDM2M2JjN2M0YzAiOnsiY3JlYXRlIjozMDAwMDAwMDAwMDAsImRlbGV0ZSI6MzAwMDAwMDAwMDAwLCJ1cGRhdGUiOjEyMDAwMDAwMDAwMH19",
          "dependencies": [
            "aws_internet_gateway.primary_igw",
            "aws_route_table.primary_public_rt",
            "aws_subnet.primary_public_b",
            "aws_vpc.primary_vpc"
          ]
        }
      ]
    },
    {
      "mode": "managed",
      "type": "aws_route_table_association",
      "name": "secondary_assoc_a",
      "provider": "provider[\"registry.terraform.io/hashicorp/aws\"].secondary",
      "instances": [
        {
          "schema_version": 0,
          "attributes": {
            "gateway_id": "",
            "id": "rtbassoc-039c11b4f93eabff5",
            "route_table_id": "rtb-07527faf2df547eeb",
            "subnet_id": "subnet-0b0f7c3012d5d38cd",
            "timeouts": null
          },
          "sensitive_attributes": [],
          "identity_schema_version": 0,
          "private": "eyJlMmJmYjczMC1lY2FhLTExZTYtOGY4OC0zNDM2M2JjN2M0YzAiOnsiY3JlYXRlIjozMDAwMDAwMDAwMDAsImRlbGV0ZSI6MzAwMDAwMDAwMDAwLCJ1cGRhdGUiOjEyMDAwMDAwMDAwMH19",
          "dependencies": [
            "aws_internet_gateway.secondary_igw",
            "aws_route_table.secondary_rt",
            "aws_subnet.secondary_public_a",
            "aws_vpc.secondary_vpc"
          ]
        }
      ]
    },
    {
      "mode": "managed",
      "type": "aws_route_table_association",
      "name": "secondary_assoc_b",
      "provider": "provider[\"registry.terraform.io/hashicorp/aws\"].secondary",
      "instances": [
        {
          "schema_version": 0,
          "attributes": {
            "gateway_id": "",
            "id": "rtbassoc-0a37977f1ac4f020b",
            "route_table_id": "rtb-07527faf2df547eeb",
            "subnet_id": "subnet-0afb2b09212c236d2",
            "timeouts": null
          },
          "sensitive_attributes": [],
          "identity_schema_version": 0,
          "private": "eyJlMmJmYjczMC1lY2FhLTExZTYtOGY4OC0zNDM2M2JjN2M0YzAiOnsiY3JlYXRlIjozMDAwMDAwMDAwMDAsImRlbGV0ZSI6MzAwMDAwMDAwMDAwLCJ1cGRhdGUiOjEyMDAwMDAwMDAwMH19",
          "dependencies": [
            "aws_internet_gateway.secondary_igw",
            "aws_route_table.secondary_rt",
            "aws_subnet.secondary_public_b",
            "aws_vpc.secondary_vpc"
          ]
        }
      ]
    },
    {
      "mode": "managed",
      "type": "aws_s3_bucket",
      "name": "primary_assets",
      "provider": "provider[\"registry.terraform.io/hashicorp/aws\"].primary",
      "instances": [
        {
          "schema_version": 0,
          "attributes": {
            "acceleration_status": "",
            "acl": null,
            "arn": "arn:aws:s3:::multi-region-app-assets-primary",
            "bucket": "multi-region-app-assets-primary",
            "bucket_domain_name": "multi-region-app-assets-primary.s3.amazonaws.com",
            "bucket_prefix": "",
            "bucket_regional_domain_name": "multi-region-app-assets-primary.s3.us-east-1.amazonaws.com",
            "cors_rule": [],
            "force_destroy": false,
            "grant": [
              {
                "id": "30b6cb60fa2f9770ef7fdac250665b81225239383602dd6fc46fcd43e02289c4",
                "permissions": [
                  "FULL_CONTROL"
                ],
                "type": "CanonicalUser",
                "uri": ""
              }
            ],
            "hosted_zone_id": "Z3AQBSTGFYJSTF",
            "id": "multi-region-app-assets-primary",
            "lifecycle_rule": [],
            "logging": [],
            "object_lock_configuration": [],
            "object_lock_enabled": false,
            "policy": "",
            "region": "us-east-1",
            "replication_configuration": [
              {
                "role": "arn:aws:iam::219840048273:role/multi-region-app-s3-replication",
                "rules": [
                  {
                    "delete_marker_replication_status": "",
                    "destination": [
                      {
                        "access_control_translation": [],
                        "account_id": "",
                        "bucket": "arn:aws:s3:::multi-region-app-assets-secondary",
                        "metrics": [],
                        "replica_kms_key_id": "",
                        "replication_time": [],
                        "storage_class": "STANDARD"
                      }
                    ],
                    "filter": [],
                    "id": "replicate-all",
                    "prefix": "",
                    "priority": 0,
                    "source_selection_criteria": [],
                    "status": "Enabled"
                  }
                ]
              }
            ],
            "request_payer": "BucketOwner",
            "server_side_encryption_configuration": [
              {
                "rule": [
                  {
                    "apply_server_side_encryption_by_default": [
                      {
                        "kms_master_key_id": "",
                        "sse_algorithm": "AES256"
                      }
                    ],
                    "bucket_key_enabled": false
                  }
                ]
              }
            ],
            "tags": {},
            "tags_all": {},
            "timeouts": null,
            "versioning": [
              {
                "enabled": true,
                "mfa_delete": false
              }
            ],
            "website": [],
            "website_domain": null,
            "website_endpoint": null
          },
          "sensitive_attributes": [],
          "identity_schema_version": 0,
          "private": "eyJlMmJmYjczMC1lY2FhLTExZTYtOGY4OC0zNDM2M2JjN2M0YzAiOnsiY3JlYXRlIjoxMjAwMDAwMDAwMDAwLCJkZWxldGUiOjM2MDAwMDAwMDAwMDAsInJlYWQiOjEyMDAwMDAwMDAwMDAsInVwZGF0ZSI6MTIwMDAwMDAwMDAwMH19"
        }
      ]
    },
    {
      "mode": "managed",
      "type": "aws_s3_bucket",
      "name": "secondary_assets",
      "provider": "provider[\"registry.terraform.io/hashicorp/aws\"].secondary",
      "instances": [
        {
          "schema_version": 0,
          "attributes": {
            "acceleration_status": "",
            "acl": null,
            "arn": "arn:aws:s3:::multi-region-app-assets-secondary",
            "bucket": "multi-region-app-assets-secondary",
            "bucket_domain_name": "multi-region-app-assets-secondary.s3.amazonaws.com",
            "bucket_prefix": "",
            "bucket_regional_domain_name": "multi-region-app-assets-secondary.s3.us-east-2.amazonaws.com",
            "cors_rule": [],
            "force_destroy": false,
            "grant": [
              {
                "id": "30b6cb60fa2f9770ef7fdac250665b81225239383602dd6fc46fcd43e02289c4",
                "permissions": [
                  "FULL_CONTROL"
                ],
                "type": "CanonicalUser",
                "uri": ""
              }
            ],
            "hosted_zone_id": "Z2O1EMRO9K5GLX",
            "id": "multi-region-app-assets-secondary",
            "lifecycle_rule": [],
            "logging": [],
            "object_lock_configuration": [],
            "object_lock_enabled": false,
            "policy": "",
            "region": "us-east-2",
            "replication_configuration": [],
            "request_payer": "BucketOwner",
            "server_side_encryption_configuration": [
              {
                "rule": [
                  {
                    "apply_server_side_encryption_by_default": [
                      {
                        "kms_master_key_id": "",
                        "sse_algorithm": "AES256"
                      }
                    ],
                    "bucket_key_enabled": false
                  }
                ]
              }
            ],
            "tags": {},
            "tags_all": {},
            "timeouts": null,
            "versioning": [
              {
                "enabled": true,
                "mfa_delete": false
              }
            ],
            "website": [],
            "website_domain": null,
            "website_endpoint": null
          },
          "sensitive_attributes": [],
          "identity_schema_version": 0,
          "private": "eyJlMmJmYjczMC1lY2FhLTExZTYtOGY4OC0zNDM2M2JjN2M0YzAiOnsiY3JlYXRlIjoxMjAwMDAwMDAwMDAwLCJkZWxldGUiOjM2MDAwMDAwMDAwMDAsInJlYWQiOjEyMDAwMDAwMDAwMDAsInVwZGF0ZSI6MTIwMDAwMDAwMDAwMH19"
        }
      ]
    },
    {
      "mode": "managed",
      "type": "aws_s3_bucket_replication_configuration",
      "name": "primary_to_secondary",
      "provider": "provider[\"registry.terraform.io/hashicorp/aws\"].primary",
      "instances": [
        {
          "schema_version": 0,
          "attributes": {
            "bucket": "multi-region-app-assets-primary",
            "id": "multi-region-app-assets-primary",
            "role": "arn:aws:iam::219840048273:role/multi-region-app-s3-replication",
            "rule": [
              {
                "delete_marker_replication": [],
                "destination": [
                  {
                    "access_control_translation": [],
                    "account": "",
                    "bucket": "arn:aws:s3:::multi-region-app-assets-secondary",
                    "encryption_configuration": [],
                    "metrics": [],
                    "replication_time": [],
                    "storage_class": "STANDARD"
                  }
                ],
                "existing_object_replication": [],
                "filter": [],
                "id": "replicate-all",
                "prefix": "",
                "priority": 0,
                "source_selection_criteria": [],
                "status": "Enabled"
              }
            ],
            "token": null
          },
          "sensitive_attributes": [
            [
              {
                "type": "get_attr",
                "value": "token"
              }
            ]
          ],
          "identity_schema_version": 0,
          "private": "bnVsbA==",
          "dependencies": [
            "aws_iam_role.replication",
            "aws_s3_bucket.primary_assets",
            "aws_s3_bucket.secondary_assets",
            "aws_s3_bucket_versioning.primary_versioning"
          ]
        }
      ]
    },
    {
      "mode": "managed",
      "type": "aws_s3_bucket_versioning",
      "name": "primary_versioning",
      "provider": "provider[\"registry.terraform.io/hashicorp/aws\"].primary",
      "instances": [
        {
          "schema_version": 0,
          "attributes": {
            "bucket": "multi-region-app-assets-primary",
            "expected_bucket_owner": "",
            "id": "multi-region-app-assets-primary",
            "mfa": null,
            "versioning_configuration": [
              {
                "mfa_delete": "",
                "status": "Enabled"
              }
            ]
          },
          "sensitive_attributes": [],
          "identity_schema_version": 0,
          "private": "bnVsbA==",
          "dependencies": [
            "aws_s3_bucket.primary_assets"
          ]
        }
      ]
    },
    {
      "mode": "managed",
      "type": "aws_s3_bucket_versioning",
      "name": "secondary_versioning",
      "provider": "provider[\"registry.terraform.io/hashicorp/aws\"].secondary",
      "instances": [
        {
          "schema_version": 0,
          "attributes": {
            "bucket": "multi-region-app-assets-secondary",
            "expected_bucket_owner": "",
            "id": "multi-region-app-assets-secondary",
            "mfa": null,
            "versioning_configuration": [
              {
                "mfa_delete": "",
                "status": "Enabled"
              }
            ]
          },
          "sensitive_attributes": [],
          "identity_schema_version": 0,
          "private": "bnVsbA==",
          "dependencies": [
            "aws_s3_bucket.secondary_assets"
          ]
        }
      ]
    },
    {
      "mode": "managed",
      "type": "aws_security_group",
      "name": "primary_sg",
      "provider": "provider[\"registry.terraform.io/hashicorp/aws\"].primary",
      "instances": [
        {
          "schema_version": 1,
          "attributes": {
            "arn": "arn:aws:ec2:us-east-1:219840048273:security-group/sg-0cbc743f6aaffe763",
            "description": "Managed by Terraform",
            "egress": [
              {
                "cidr_blocks": [
                  "0.0.0.0/0"
                ],
                "description": "",
                "from_port": 0,
                "ipv6_cidr_blocks": [],
                "prefix_list_ids": [],
                "protocol": "-1",
                "security_groups": [],
                "self": false,
                "to_port": 0
              }
            ],
            "id": "sg-0cbc743f6aaffe763",
            "ingress": [
              {
                "cidr_blocks": [
                  "0.0.0.0/0"
                ],
                "description": "",
                "from_port": 80,
                "ipv6_cidr_blocks": [],
                "prefix_list_ids": [],
                "protocol": "tcp",
                "security_groups": [],
                "self": false,
                "to_port": 80
              },
              {
                "cidr_blocks": [
                  "0.0.0.0/0"
                ],
                "description": null,
                "from_port": 22,
                "ipv6_cidr_blocks": [],
                "prefix_list_ids": [],
                "protocol": "tcp",
                "security_groups": [],
                "self": false,
                "to_port": 22
              },
              {
                "cidr_blocks": [
                  "0.0.0.0/0"
                ],
                "description": null,
                "from_port": 443,
                "ipv6_cidr_blocks": [],
                "prefix_list_ids": [],
                "protocol": "tcp",
                "security_groups": [],
                "self": false,
                "to_port": 443
              },
              {
                "cidr_blocks": [
                  "0.0.0.0/0"
                ],
                "description": null,
                "from_port": 5000,
                "ipv6_cidr_blocks": [],
                "prefix_list_ids": [],
                "protocol": "tcp",
                "security_groups": [],
                "self": false,
                "to_port": 5000
              },
              {
                "cidr_blocks": [
                  "10.0.0.0/16",
                  "10.1.0.0/16"
                ],
                "description": null,
                "from_port": 5432,
                "ipv6_cidr_blocks": [],
                "prefix_list_ids": [],
                "protocol": "tcp",
                "security_groups": [],
                "self": false,
                "to_port": 5432
              }
            ],
            "name": "multi-region-app-primary-sg",
            "name_prefix": "",
            "owner_id": "219840048273",
            "revoke_rules_on_delete": false,
            "tags": {},
            "tags_all": {},
            "timeouts": null,
            "vpc_id": "vpc-0ad8c99754cbc1ab1"
          },
          "sensitive_attributes": [],
          "identity_schema_version": 0,
          "private": "eyJlMmJmYjczMC1lY2FhLTExZTYtOGY4OC0zNDM2M2JjN2M0YzAiOnsiY3JlYXRlIjo2MDAwMDAwMDAwMDAsImRlbGV0ZSI6OTAwMDAwMDAwMDAwfSwic2NoZW1hX3ZlcnNpb24iOiIxIn0=",
          "dependencies": [
            "aws_vpc.primary_vpc"
          ]
        }
      ]
    },
    {
      "mode": "managed",
      "type": "aws_security_group",
      "name": "secondary_sg",
      "provider": "provider[\"registry.terraform.io/hashicorp/aws\"].secondary",
      "instances": [
        {
          "schema_version": 1,
          "attributes": {
            "arn": "arn:aws:ec2:us-east-2:219840048273:security-group/sg-0c2f08b6d5b70f929",
            "description": "Managed by Terraform",
            "egress": [
              {
                "cidr_blocks": [
                  "0.0.0.0/0"
                ],
                "description": "",
                "from_port": 0,
                "ipv6_cidr_blocks": [],
                "prefix_list_ids": [],
                "protocol": "-1",
                "security_groups": [],
                "self": false,
                "to_port": 0
              }
            ],
            "id": "sg-0c2f08b6d5b70f929",
            "ingress": [
              {
                "cidr_blocks": [
                  "0.0.0.0/0"
                ],
                "description": "",
                "from_port": 80,
                "ipv6_cidr_blocks": [],
                "prefix_list_ids": [],
                "protocol": "tcp",
                "security_groups": [],
                "self": false,
                "to_port": 80
              },
              {
                "cidr_blocks": [
                  "0.0.0.0/0"
                ],
                "description": null,
                "from_port": 22,
                "ipv6_cidr_blocks": [],
                "prefix_list_ids": [],
                "protocol": "tcp",
                "security_groups": [],
                "self": false,
                "to_port": 22
              },
              {
                "cidr_blocks": [
                  "0.0.0.0/0"
                ],
                "description": null,
                "from_port": 443,
                "ipv6_cidr_blocks": [],
                "prefix_list_ids": [],
                "protocol": "tcp",
                "security_groups": [],
                "self": false,
                "to_port": 443
              },
              {
                "cidr_blocks": [
                  "0.0.0.0/0"
                ],
                "description": null,
                "from_port": 5000,
                "ipv6_cidr_blocks": [],
                "prefix_list_ids": [],
                "protocol": "tcp",
                "security_groups": [],
                "self": false,
                "to_port": 5000
              },
              {
                "cidr_blocks": [
                  "10.0.0.0/16",
                  "10.1.0.0/16"
                ],
                "description": null,
                "from_port": 5432,
                "ipv6_cidr_blocks": [],
                "prefix_list_ids": [],
                "protocol": "tcp",
                "security_groups": [],
                "self": false,
                "to_port": 5432
              }
            ],
            "name": "multi-region-app-secondary-sg",
            "name_prefix": "",
            "owner_id": "219840048273",
            "revoke_rules_on_delete": false,
            "tags": {},
            "tags_all": {},
            "timeouts": null,
            "vpc_id": "vpc-0530dc1797a637730"
          },
          "sensitive_attributes": [],
          "identity_schema_version": 0,
          "private": "eyJlMmJmYjczMC1lY2FhLTExZTYtOGY4OC0zNDM2M2JjN2M0YzAiOnsiY3JlYXRlIjo2MDAwMDAwMDAwMDAsImRlbGV0ZSI6OTAwMDAwMDAwMDAwfSwic2NoZW1hX3ZlcnNpb24iOiIxIn0=",
          "dependencies": [
            "aws_vpc.secondary_vpc"
          ]
        }
      ]
    },
    {
      "mode": "managed",
      "type": "aws_subnet",
      "name": "primary_private_a",
      "provider": "provider[\"registry.terraform.io/hashicorp/aws\"].primary",
      "instances": [
        {
          "schema_version": 1,
          "attributes": {
            "arn": "arn:aws:ec2:us-east-1:219840048273:subnet/subnet-03317e8ac93406292",
            "assign_ipv6_address_on_creation": false,
            "availability_zone": "us-east-1a",
            "availability_zone_id": "use1-az4",
            "cidr_block": "10.0.3.0/24",
            "customer_owned_ipv4_pool": "",
            "enable_dns64": false,
            "enable_lni_at_device_index": 0,
            "enable_resource_name_dns_a_record_on_launch": false,
            "enable_resource_name_dns_aaaa_record_on_launch": false,
            "id": "subnet-03317e8ac93406292",
            "ipv6_cidr_block": "",
            "ipv6_cidr_block_association_id": "",
            "ipv6_native": false,
            "map_customer_owned_ip_on_launch": false,
            "map_public_ip_on_launch": false,
            "outpost_arn": "",
            "owner_id": "219840048273",
            "private_dns_hostname_type_on_launch": "ip-name",
            "tags": {
              "Name": "multi-region-app-primary-private-a"
            },
            "tags_all": {
              "Name": "multi-region-app-primary-private-a"
            },
            "timeouts": null,
            "vpc_id": "vpc-0ad8c99754cbc1ab1"
          },
          "sensitive_attributes": [],
          "identity_schema_version": 0,
          "private": "eyJlMmJmYjczMC1lY2FhLTExZTYtOGY4OC0zNDM2M2JjN2M0YzAiOnsiY3JlYXRlIjo2MDAwMDAwMDAwMDAsImRlbGV0ZSI6MTIwMDAwMDAwMDAwMH0sInNjaGVtYV92ZXJzaW9uIjoiMSJ9",
          "dependencies": [
            "aws_vpc.primary_vpc"
          ]
        }
      ]
    },
    {
      "mode": "managed",
      "type": "aws_subnet",
      "name": "primary_private_b",
      "provider": "provider[\"registry.terraform.io/hashicorp/aws\"].primary",
      "instances": [
        {
          "schema_version": 1,
          "attributes": {
            "arn": "arn:aws:ec2:us-east-1:219840048273:subnet/subnet-09432dc73ad1b691c",
            "assign_ipv6_address_on_creation": false,
            "availability_zone": "us-east-1b",
            "availability_zone_id": "use1-az6",
            "cidr_block": "10.0.4.0/24",
            "customer_owned_ipv4_pool": "",
            "enable_dns64": false,
            "enable_lni_at_device_index": 0,
            "enable_resource_name_dns_a_record_on_launch": false,
            "enable_resource_name_dns_aaaa_record_on_launch": false,
            "id": "subnet-09432dc73ad1b691c",
            "ipv6_cidr_block": "",
            "ipv6_cidr_block_association_id": "",
            "ipv6_native": false,
            "map_customer_owned_ip_on_launch": false,
            "map_public_ip_on_launch": false,
            "outpost_arn": "",
            "owner_id": "219840048273",
            "private_dns_hostname_type_on_launch": "ip-name",
            "tags": {
              "Name": "multi-region-app-primary-private-b"
            },
            "tags_all": {
              "Name": "multi-region-app-primary-private-b"
            },
            "timeouts": null,
            "vpc_id": "vpc-0ad8c99754cbc1ab1"
          },
          "sensitive_attributes": [],
          "identity_schema_version": 0,
          "private": "eyJlMmJmYjczMC1lY2FhLTExZTYtOGY4OC0zNDM2M2JjN2M0YzAiOnsiY3JlYXRlIjo2MDAwMDAwMDAwMDAsImRlbGV0ZSI6MTIwMDAwMDAwMDAwMH0sInNjaGVtYV92ZXJzaW9uIjoiMSJ9",
          "dependencies": [
            "aws_vpc.primary_vpc"
          ]
        }
      ]
    },
    {
      "mode": "managed",
      "type": "aws_subnet",
      "name": "primary_public_a",
      "provider": "provider[\"registry.terraform.io/hashicorp/aws\"].primary",
      "instances": [
        {
          "schema_version": 1,
          "attributes": {
            "arn": "arn:aws:ec2:us-east-1:219840048273:subnet/subnet-0e575f137066629ec",
            "assign_ipv6_address_on_creation": false,
            "availability_zone": "us-east-1a",
            "availability_zone_id": "use1-az4",
            "cidr_block": "10.0.1.0/24",
            "customer_owned_ipv4_pool": "",
            "enable_dns64": false,
            "enable_lni_at_device_index": 0,
            "enable_resource_name_dns_a_record_on_launch": false,
            "enable_resource_name_dns_aaaa_record_on_launch": false,
            "id": "subnet-0e575f137066629ec",
            "ipv6_cidr_block": "",
            "ipv6_cidr_block_association_id": "",
            "ipv6_native": false,
            "map_customer_owned_ip_on_launch": false,
            "map_public_ip_on_launch": true,
            "outpost_arn": "",
            "owner_id": "219840048273",
            "private_dns_hostname_type_on_launch": "ip-name",
            "tags": {
              "Name": "multi-region-app-primary-public-a"
            },
            "tags_all": {
              "Name": "multi-region-app-primary-public-a"
            },
            "timeouts": null,
            "vpc_id": "vpc-0ad8c99754cbc1ab1"
          },
          "sensitive_attributes": [],
          "identity_schema_version": 0,
          "private": "eyJlMmJmYjczMC1lY2FhLTExZTYtOGY4OC0zNDM2M2JjN2M0YzAiOnsiY3JlYXRlIjo2MDAwMDAwMDAwMDAsImRlbGV0ZSI6MTIwMDAwMDAwMDAwMH0sInNjaGVtYV92ZXJzaW9uIjoiMSJ9",
          "dependencies": [
            "aws_vpc.primary_vpc"
          ]
        }
      ]
    },
    {
      "mode": "managed",
      "type": "aws_subnet",
      "name": "primary_public_b",
      "provider": "provider[\"registry.terraform.io/hashicorp/aws\"].primary",
      "instances": [
        {
          "schema_version": 1,
          "attributes": {
            "arn": "arn:aws:ec2:us-east-1:219840048273:subnet/subnet-0ca50f5d9362e47e6",
            "assign_ipv6_address_on_creation": false,
            "availability_zone": "us-east-1b",
            "availability_zone_id": "use1-az6",
            "cidr_block": "10.0.2.0/24",
            "customer_owned_ipv4_pool": "",
            "enable_dns64": false,
            "enable_lni_at_device_index": 0,
            "enable_resource_name_dns_a_record_on_launch": false,
            "enable_resource_name_dns_aaaa_record_on_launch": false,
            "id": "subnet-0ca50f5d9362e47e6",
            "ipv6_cidr_block": "",
            "ipv6_cidr_block_association_id": "",
            "ipv6_native": false,
            "map_customer_owned_ip_on_launch": false,
            "map_public_ip_on_launch": true,
            "outpost_arn": "",
            "owner_id": "219840048273",
            "private_dns_hostname_type_on_launch": "ip-name",
            "tags": {
              "Name": "multi-region-app-primary-public-b"
            },
            "tags_all": {
              "Name": "multi-region-app-primary-public-b"
            },
            "timeouts": null,
            "vpc_id": "vpc-0ad8c99754cbc1ab1"
          },
          "sensitive_attributes": [],
          "identity_schema_version": 0,
          "private": "eyJlMmJmYjczMC1lY2FhLTExZTYtOGY4OC0zNDM2M2JjN2M0YzAiOnsiY3JlYXRlIjo2MDAwMDAwMDAwMDAsImRlbGV0ZSI6MTIwMDAwMDAwMDAwMH0sInNjaGVtYV92ZXJzaW9uIjoiMSJ9",
          "dependencies": [
            "aws_vpc.primary_vpc"
          ]
        }
      ]
    },
    {
      "mode": "managed",
      "type": "aws_subnet",
      "name": "secondary_private_a",
      "provider": "provider[\"registry.terraform.io/hashicorp/aws\"].secondary",
      "instances": [
        {
          "schema_version": 1,
          "attributes": {
            "arn": "arn:aws:ec2:us-east-2:219840048273:subnet/subnet-08339b74fd6d5d830",
            "assign_ipv6_address_on_creation": false,
            "availability_zone": "us-east-2a",
            "availability_zone_id": "use2-az1",
            "cidr_block": "10.1.3.0/24",
            "customer_owned_ipv4_pool": "",
            "enable_dns64": false,
            "enable_lni_at_device_index": 0,
            "enable_resource_name_dns_a_record_on_launch": false,
            "enable_resource_name_dns_aaaa_record_on_launch": false,
            "id": "subnet-08339b74fd6d5d830",
            "ipv6_cidr_block": "",
            "ipv6_cidr_block_association_id": "",
            "ipv6_native": false,
            "map_customer_owned_ip_on_launch": false,
            "map_public_ip_on_launch": false,
            "outpost_arn": "",
            "owner_id": "219840048273",
            "private_dns_hostname_type_on_launch": "ip-name",
            "tags": {
              "Name": "multi-region-app-secondary-private-a"
            },
            "tags_all": {
              "Name": "multi-region-app-secondary-private-a"
            },
            "timeouts": null,
            "vpc_id": "vpc-0530dc1797a637730"
          },
          "sensitive_attributes": [],
          "identity_schema_version": 0,
          "private": "eyJlMmJmYjczMC1lY2FhLTExZTYtOGY4OC0zNDM2M2JjN2M0YzAiOnsiY3JlYXRlIjo2MDAwMDAwMDAwMDAsImRlbGV0ZSI6MTIwMDAwMDAwMDAwMH0sInNjaGVtYV92ZXJzaW9uIjoiMSJ9",
          "dependencies": [
            "aws_vpc.secondary_vpc"
          ]
        }
      ]
    },
    {
      "mode": "managed",
      "type": "aws_subnet",
      "name": "secondary_private_b",
      "provider": "provider[\"registry.terraform.io/hashicorp/aws\"].secondary",
      "instances": [
        {
          "schema_version": 1,
          "attributes": {
            "arn": "arn:aws:ec2:us-east-2:219840048273:subnet/subnet-004414bfb2de8f321",
            "assign_ipv6_address_on_creation": false,
            "availability_zone": "us-east-2b",
            "availability_zone_id": "use2-az2",
            "cidr_block": "10.1.4.0/24",
            "customer_owned_ipv4_pool": "",
            "enable_dns64": false,
            "enable_lni_at_device_index": 0,
            "enable_resource_name_dns_a_record_on_launch": false,
            "enable_resource_name_dns_aaaa_record_on_launch": false,
            "id": "subnet-004414bfb2de8f321",
            "ipv6_cidr_block": "",
            "ipv6_cidr_block_association_id": "",
            "ipv6_native": false,
            "map_customer_owned_ip_on_launch": false,
            "map_public_ip_on_launch": false,
            "outpost_arn": "",
            "owner_id": "219840048273",
            "private_dns_hostname_type_on_launch": "ip-name",
            "tags": {
              "Name": "multi-region-app-secondary-private-b"
            },
            "tags_all": {
              "Name": "multi-region-app-secondary-private-b"
            },
            "timeouts": null,
            "vpc_id": "vpc-0530dc1797a637730"
          },
          "sensitive_attributes": [],
          "identity_schema_version": 0,
          "private": "eyJlMmJmYjczMC1lY2FhLTExZTYtOGY4OC0zNDM2M2JjN2M0YzAiOnsiY3JlYXRlIjo2MDAwMDAwMDAwMDAsImRlbGV0ZSI6MTIwMDAwMDAwMDAwMH0sInNjaGVtYV92ZXJzaW9uIjoiMSJ9",
          "dependencies": [
            "aws_vpc.secondary_vpc"
          ]
        }
      ]
    },
    {
      "mode": "managed",
      "type": "aws_subnet",
      "name": "secondary_public_a",
      "provider": "provider[\"registry.terraform.io/hashicorp/aws\"].secondary",
      "instances": [
        {
          "schema_version": 1,
          "attributes": {
            "arn": "arn:aws:ec2:us-east-2:219840048273:subnet/subnet-0b0f7c3012d5d38cd",
            "assign_ipv6_address_on_creation": false,
            "availability_zone": "us-east-2a",
            "availability_zone_id": "use2-az1",
            "cidr_block": "10.1.1.0/24",
            "customer_owned_ipv4_pool": "",
            "enable_dns64": false,
            "enable_lni_at_device_index": 0,
            "enable_resource_name_dns_a_record_on_launch": false,
            "enable_resource_name_dns_aaaa_record_on_launch": false,
            "id": "subnet-0b0f7c3012d5d38cd",
            "ipv6_cidr_block": "",
            "ipv6_cidr_block_association_id": "",
            "ipv6_native": false,
            "map_customer_owned_ip_on_launch": false,
            "map_public_ip_on_launch": true,
            "outpost_arn": "",
            "owner_id": "219840048273",
            "private_dns_hostname_type_on_launch": "ip-name",
            "tags": {
              "Name": "multi-region-app-secondary-public-a"
            },
            "tags_all": {
              "Name": "multi-region-app-secondary-public-a"
            },
            "timeouts": null,
            "vpc_id": "vpc-0530dc1797a637730"
          },
          "sensitive_attributes": [],
          "identity_schema_version": 0,
          "private": "eyJlMmJmYjczMC1lY2FhLTExZTYtOGY4OC0zNDM2M2JjN2M0YzAiOnsiY3JlYXRlIjo2MDAwMDAwMDAwMDAsImRlbGV0ZSI6MTIwMDAwMDAwMDAwMH0sInNjaGVtYV92ZXJzaW9uIjoiMSJ9",
          "dependencies": [
            "aws_vpc.secondary_vpc"
          ]
        }
      ]
    },
    {
      "mode": "managed",
      "type": "aws_subnet",
      "name": "secondary_public_b",
      "provider": "provider[\"registry.terraform.io/hashicorp/aws\"].secondary",
      "instances": [
        {
          "schema_version": 1,
          "attributes": {
            "arn": "arn:aws:ec2:us-east-2:219840048273:subnet/subnet-0afb2b09212c236d2",
            "assign_ipv6_address_on_creation": false,
            "availability_zone": "us-east-2b",
            "availability_zone_id": "use2-az2",
            "cidr_block": "10.1.2.0/24",
            "customer_owned_ipv4_pool": "",
            "enable_dns64": false,
            "enable_lni_at_device_index": 0,
            "enable_resource_name_dns_a_record_on_launch": false,
            "enable_resource_name_dns_aaaa_record_on_launch": false,
            "id": "subnet-0afb2b09212c236d2",
            "ipv6_cidr_block": "",
            "ipv6_cidr_block_association_id": "",
            "ipv6_native": false,
            "map_customer_owned_ip_on_launch": false,
            "map_public_ip_on_launch": true,
            "outpost_arn": "",
            "owner_id": "219840048273",
            "private_dns_hostname_type_on_launch": "ip-name",
            "tags": {
              "Name": "multi-region-app-secondary-public-b"
            },
            "tags_all": {
              "Name": "multi-region-app-secondary-public-b"
            },
            "timeouts": null,
            "vpc_id": "vpc-0530dc1797a637730"
          },
          "sensitive_attributes": [],
          "identity_schema_version": 0,
          "private": "eyJlMmJmYjczMC1lY2FhLTExZTYtOGY4OC0zNDM2M2JjN2M0YzAiOnsiY3JlYXRlIjo2MDAwMDAwMDAwMDAsImRlbGV0ZSI6MTIwMDAwMDAwMDAwMH0sInNjaGVtYV92ZXJzaW9uIjoiMSJ9",
          "dependencies": [
            "aws_vpc.secondary_vpc"
          ]
        }
      ]
    },
    {
      "mode": "managed",
      "type": "aws_vpc",
      "name": "primary_vpc",
      "provider": "provider[\"registry.terraform.io/hashicorp/aws\"].primary",
      "instances": [
        {
          "schema_version": 1,
          "attributes": {
            "arn": "arn:aws:ec2:us-east-1:219840048273:vpc/vpc-0ad8c99754cbc1ab1",
            "assign_generated_ipv6_cidr_block": false,
            "cidr_block": "10.0.0.0/16",
            "default_network_acl_id": "acl-0278f540e1de336a7",
            "default_route_table_id": "rtb-0be78d2c0c8ab721f",
            "default_security_group_id": "sg-0624db18033a2143c",
            "dhcp_options_id": "dopt-832517f9",
            "enable_dns_hostnames": true,
            "enable_dns_support": true,
            "enable_network_address_usage_metrics": false,
            "id": "vpc-0ad8c99754cbc1ab1",
            "instance_tenancy": "default",
            "ipv4_ipam_pool_id": null,
            "ipv4_netmask_length": null,
            "ipv6_association_id": "",
            "ipv6_cidr_block": "",
            "ipv6_cidr_block_network_border_group": "",
            "ipv6_ipam_pool_id": "",
            "ipv6_netmask_length": 0,
            "main_route_table_id": "rtb-0be78d2c0c8ab721f",
            "owner_id": "219840048273",
            "tags": {
              "Name": "multi-region-app-primary-vpc"
            },
            "tags_all": {
              "Name": "multi-region-app-primary-vpc"
            }
          },
          "sensitive_attributes": [],
          "identity_schema_version": 0,
          "private": "eyJzY2hlbWFfdmVyc2lvbiI6IjEifQ=="
        }
      ]
    },
    {
      "mode": "managed",
      "type": "aws_vpc",
      "name": "secondary_vpc",
      "provider": "provider[\"registry.terraform.io/hashicorp/aws\"].secondary",
      "instances": [
        {
          "schema_version": 1,
          "attributes": {
            "arn": "arn:aws:ec2:us-east-2:219840048273:vpc/vpc-0530dc1797a637730",
            "assign_generated_ipv6_cidr_block": false,
            "cidr_block": "10.1.0.0/16",
            "default_network_acl_id": "acl-004d2c3ff5dd33232",
            "default_route_table_id": "rtb-0f5008430a9a46196",
            "default_security_group_id": "sg-0e497eedfa9930d3f",
            "dhcp_options_id": "dopt-e12a5a8a",
            "enable_dns_hostnames": true,
            "enable_dns_support": true,
            "enable_network_address_usage_metrics": false,
            "id": "vpc-0530dc1797a637730",
            "instance_tenancy": "default",
            "ipv4_ipam_pool_id": null,
            "ipv4_netmask_length": null,
            "ipv6_association_id": "",
            "ipv6_cidr_block": "",
            "ipv6_cidr_block_network_border_group": "",
            "ipv6_ipam_pool_id": "",
            "ipv6_netmask_length": 0,
            "main_route_table_id": "rtb-0f5008430a9a46196",
            "owner_id": "219840048273",
            "tags": {
              "Name": "multi-region-app-secondary-vpc"
            },
            "tags_all": {
              "Name": "multi-region-app-secondary-vpc"
            }
          },
          "sensitive_attributes": [],
          "identity_schema_version": 0,
          "private": "eyJzY2hlbWFfdmVyc2lvbiI6IjEifQ=="
        }
      ]
    }
  ],
  "check_results": null
}
